// !$*UTF8*$!
{
	archiveVersion = 1;
	classes = {
	};
	objectVersion = 50;
	objects = {

/* Begin PBXBuildFile section */
		B90FA270211C35500050DE42 /* car3.jpg in Resources */ = {isa = PBXBuildFile; fileRef = B90FA265211C354F0050DE42 /* car3.jpg */; };
		B90FA271211C35500050DE42 /* wATH859.jpg in Resources */ = {isa = PBXBuildFile; fileRef = B90FA266211C354F0050DE42 /* wATH859.jpg */; };
		B90FA272211C35500050DE42 /* lLD9016.jpg in Resources */ = {isa = PBXBuildFile; fileRef = B90FA267211C354F0050DE42 /* lLD9016.jpg */; };
		B90FA273211C35500050DE42 /* wAUB816.jpg in Resources */ = {isa = PBXBuildFile; fileRef = B90FA268211C354F0050DE42 /* wAUB816.jpg */; };
		B90FA275211C35500050DE42 /* cAA662F.jpg in Resources */ = {isa = PBXBuildFile; fileRef = B90FA26A211C354F0050DE42 /* cAA662F.jpg */; };
		B90FA277211C35500050DE42 /* car4.jpg in Resources */ = {isa = PBXBuildFile; fileRef = B90FA26C211C35500050DE42 /* car4.jpg */; };
		B90FA278211C35500050DE42 /* wA87271.jpg in Resources */ = {isa = PBXBuildFile; fileRef = B90FA26D211C35500050DE42 /* wA87271.jpg */; };
		B90FA279211C35500050DE42 /* car5.jpg in Resources */ = {isa = PBXBuildFile; fileRef = B90FA26E211C35500050DE42 /* car5.jpg */; };
		B91B3E052122D3140045484A /* chars_segment.jpg in Resources */ = {isa = PBXBuildFile; fileRef = B91B3E042122D3140045484A /* chars_segment.jpg */; };
		B91B3E162122D6300045484A /* lbp.cpp in Sources */ = {isa = PBXBuildFile; fileRef = B91B3E082122D6300045484A /* lbp.cpp */; };
		B91B3E172122D6300045484A /* helper.cpp in Sources */ = {isa = PBXBuildFile; fileRef = B91B3E092122D6300045484A /* helper.cpp */; };
		B91B3E182122D6300045484A /* mser2.cpp in Sources */ = {isa = PBXBuildFile; fileRef = B91B3E0E2122D6300045484A /* mser2.cpp */; };
		B91B3E192122D6300045484A /* erfilter.cpp in Sources */ = {isa = PBXBuildFile; fileRef = B91B3E102122D6300045484A /* erfilter.cpp */; };
		B91B3E1A2122D6300045484A /* AFPL-license.txt in Resources */ = {isa = PBXBuildFile; fileRef = B91B3E142122D6300045484A /* AFPL-license.txt */; };
		B91B3E1B2122D6300045484A /* xmlParser.cpp in Sources */ = {isa = PBXBuildFile; fileRef = B91B3E152122D6300045484A /* xmlParser.cpp */; };
		B93FB9E8210EE5FE00DC1E4D /* AppDelegate.m in Sources */ = {isa = PBXBuildFile; fileRef = B93FB9E7210EE5FE00DC1E4D /* AppDelegate.m */; };
		B93FB9EB210EE5FE00DC1E4D /* ViewController.mm in Sources */ = {isa = PBXBuildFile; fileRef = B93FB9EA210EE5FE00DC1E4D /* ViewController.mm */; };
		B93FB9EE210EE5FE00DC1E4D /* Main.storyboard in Resources */ = {isa = PBXBuildFile; fileRef = B93FB9EC210EE5FE00DC1E4D /* Main.storyboard */; };
		B93FB9F0210EE5FF00DC1E4D /* Assets.xcassets in Resources */ = {isa = PBXBuildFile; fileRef = B93FB9EF210EE5FF00DC1E4D /* Assets.xcassets */; };
		B93FB9F3210EE5FF00DC1E4D /* LaunchScreen.storyboard in Resources */ = {isa = PBXBuildFile; fileRef = B93FB9F1210EE5FF00DC1E4D /* LaunchScreen.storyboard */; };
		B93FB9F6210EE5FF00DC1E4D /* main.m in Sources */ = {isa = PBXBuildFile; fileRef = B93FB9F5210EE5FF00DC1E4D /* main.m */; };
		B93FBA00210EE5FF00DC1E4D /* EasyPRTests.mm in Sources */ = {isa = PBXBuildFile; fileRef = B93FB9FF210EE5FF00DC1E4D /* EasyPRTests.mm */; };
		B93FBA0B210EE63700DC1E4D /* log.md in Resources */ = {isa = PBXBuildFile; fileRef = B93FBA0A210EE63700DC1E4D /* log.md */; };
		B947E6E4211013D1007C8216 /* UIImageCVMatConverter.mm in Sources */ = {isa = PBXBuildFile; fileRef = B947E6E2211013D1007C8216 /* UIImageCVMatConverter.mm */; };
		B947E6E6211025D2007C8216 /* test.jpg in Resources */ = {isa = PBXBuildFile; fileRef = B947E6E5211025D2007C8216 /* test.jpg */; };
		B94E23B0211BD03C00E26504 /* EdgeLocateController.mm in Sources */ = {isa = PBXBuildFile; fileRef = B94E23AF211BD03C00E26504 /* EdgeLocateController.mm */; };
		B94E23B2211BD96E00E26504 /* plate_judge.jpg in Resources */ = {isa = PBXBuildFile; fileRef = B94E23B1211BD96E00E26504 /* plate_judge.jpg */; };
		B98A7AFB212CFAB1007F5249 /* plate.png in Resources */ = {isa = PBXBuildFile; fileRef = B98A7AFA212CFAB1007F5249 /* plate.png */; };
		B98A7AFD212CFBBF007F5249 /* plate.jpg in Resources */ = {isa = PBXBuildFile; fileRef = B98A7AFC212CFBBF007F5249 /* plate.jpg */; };
		B98A7B03212D13C6007F5249 /* core_func.cpp in Sources */ = {isa = PBXBuildFile; fileRef = B98A7B02212D13C6007F5249 /* core_func.cpp */; };
		B98A7B07212D34A3007F5249 /* ann_train.cpp in Sources */ = {isa = PBXBuildFile; fileRef = B98A7B05212D34A3007F5249 /* ann_train.cpp */; };
		B98A7B0C212D6A58007F5249 /* util.cpp in Sources */ = {isa = PBXBuildFile; fileRef = B98A7B0B212D6A58007F5249 /* util.cpp */; };
		B98A7B0F212D6AA4007F5249 /* kv.cpp in Sources */ = {isa = PBXBuildFile; fileRef = B98A7B0E212D6AA4007F5249 /* kv.cpp */; };
		B98A7B12212D6AF0007F5249 /* libstdc++.6.0.9.tbd in Frameworks */ = {isa = PBXBuildFile; fileRef = B98A7B11212D6AF0007F5249 /* libstdc++.6.0.9.tbd */; };
		B98C43B9211D20C200B8409D /* model in Resources */ = {isa = PBXBuildFile; fileRef = B98C43B8211D20C200B8409D /* model */; };
		B98E434E212E48280075791D /* feature.cpp in Sources */ = {isa = PBXBuildFile; fileRef = B98E434C212E48280075791D /* feature.cpp */; };
		B98E434F212EAE3B0075791D /* ann_train.cpp in Sources */ = {isa = PBXBuildFile; fileRef = B98A7B05212D34A3007F5249 /* ann_train.cpp */; };
		B98E4351212EB0CF0075791D /* train in Resources */ = {isa = PBXBuildFile; fileRef = B98E4350212EB0CF0075791D /* train */; };
		B98E4352212EB0CF0075791D /* train in Resources */ = {isa = PBXBuildFile; fileRef = B98E4350212EB0CF0075791D /* train */; };
		E42C978D211B2D1A00712339 /* Assets.xcassets in Resources */ = {isa = PBXBuildFile; fileRef = E42C977D211B2D1900712339 /* Assets.xcassets */; };
		E42C978E211B2D1A00712339 /* LanelineController.m in Sources */ = {isa = PBXBuildFile; fileRef = E42C977E211B2D1900712339 /* LanelineController.m */; };
		E42C978F211B2D1A00712339 /* test2.jpeg in Resources */ = {isa = PBXBuildFile; fileRef = E42C9780211B2D1A00712339 /* test2.jpeg */; };
		E42C9790211B2D1A00712339 /* opencv2.framework in Frameworks */ = {isa = PBXBuildFile; fileRef = E42C9781211B2D1A00712339 /* opencv2.framework */; };
		E42C9791211B2D1A00712339 /* ContourTestController.mm in Sources */ = {isa = PBXBuildFile; fileRef = E42C9782211B2D1A00712339 /* ContourTestController.mm */; };
		E42C9792211B2D1A00712339 /* ShowController.m in Sources */ = {isa = PBXBuildFile; fileRef = E42C9783211B2D1A00712339 /* ShowController.m */; };
		E42C9793211B2D1A00712339 /* LaunchScreen.storyboard in Resources */ = {isa = PBXBuildFile; fileRef = E42C9785211B2D1A00712339 /* LaunchScreen.storyboard */; };
		E42C9794211B2D1A00712339 /* Main.storyboard in Resources */ = {isa = PBXBuildFile; fileRef = E42C9787211B2D1A00712339 /* Main.storyboard */; };
		E42C9795211B2D1A00712339 /* PlateRecognitionController.mm in Sources */ = {isa = PBXBuildFile; fileRef = E42C978A211B2D1A00712339 /* PlateRecognitionController.mm */; };
		E42C9798211B329D00712339 /* ActionItem.m in Sources */ = {isa = PBXBuildFile; fileRef = E42C9797211B329D00712339 /* ActionItem.m */; };
		E42C979C211B360600712339 /* BaseController.mm in Sources */ = {isa = PBXBuildFile; fileRef = E42C979B211B360600712339 /* BaseController.mm */; };
		E42C979F211B396300712339 /* MserLocateController.mm in Sources */ = {isa = PBXBuildFile; fileRef = E42C979E211B396300712339 /* MserLocateController.mm */; };
		E46199A1211C702A00499C8D /* CommHandle.cpp in Sources */ = {isa = PBXBuildFile; fileRef = E46199A0211C702A00499C8D /* CommHandle.cpp */; };
/* End PBXBuildFile section */

/* Begin PBXContainerItemProxy section */
		B93FB9FC210EE5FF00DC1E4D /* PBXContainerItemProxy */ = {
			isa = PBXContainerItemProxy;
			containerPortal = B93FB9DB210EE5FD00DC1E4D /* Project object */;
			proxyType = 1;
			remoteGlobalIDString = B93FB9E2210EE5FD00DC1E4D;
			remoteInfo = EasyPR;
		};
/* End PBXContainerItemProxy section */

/* Begin PBXFileReference section */
		B90FA265211C354F0050DE42 /* car3.jpg */ = {isa = PBXFileReference; lastKnownFileType = image.jpeg; path = car3.jpg; sourceTree = "<group>"; };
		B90FA266211C354F0050DE42 /* wATH859.jpg */ = {isa = PBXFileReference; lastKnownFileType = image.jpeg; path = wATH859.jpg; sourceTree = "<group>"; };
		B90FA267211C354F0050DE42 /* lLD9016.jpg */ = {isa = PBXFileReference; lastKnownFileType = image.jpeg; path = lLD9016.jpg; sourceTree = "<group>"; };
		B90FA268211C354F0050DE42 /* wAUB816.jpg */ = {isa = PBXFileReference; lastKnownFileType = image.jpeg; path = wAUB816.jpg; sourceTree = "<group>"; };
		B90FA26A211C354F0050DE42 /* cAA662F.jpg */ = {isa = PBXFileReference; lastKnownFileType = image.jpeg; path = cAA662F.jpg; sourceTree = "<group>"; };
		B90FA26C211C35500050DE42 /* car4.jpg */ = {isa = PBXFileReference; lastKnownFileType = image.jpeg; path = car4.jpg; sourceTree = "<group>"; };
		B90FA26D211C35500050DE42 /* wA87271.jpg */ = {isa = PBXFileReference; lastKnownFileType = image.jpeg; path = wA87271.jpg; sourceTree = "<group>"; };
		B90FA26E211C35500050DE42 /* car5.jpg */ = {isa = PBXFileReference; lastKnownFileType = image.jpeg; path = car5.jpg; sourceTree = "<group>"; };
		B91B3E042122D3140045484A /* chars_segment.jpg */ = {isa = PBXFileReference; lastKnownFileType = image.jpeg; name = chars_segment.jpg; path = "../../../EasyPR-iOS-master/resources/image/chars_segment.jpg"; sourceTree = "<group>"; };
		B91B3E082122D6300045484A /* lbp.cpp */ = {isa = PBXFileReference; fileEncoding = 4; lastKnownFileType = sourcecode.cpp.cpp; path = lbp.cpp; sourceTree = "<group>"; };
		B91B3E092122D6300045484A /* helper.cpp */ = {isa = PBXFileReference; fileEncoding = 4; lastKnownFileType = sourcecode.cpp.cpp; path = helper.cpp; sourceTree = "<group>"; };
		B91B3E0A2122D6300045484A /* helper.hpp */ = {isa = PBXFileReference; fileEncoding = 4; lastKnownFileType = sourcecode.cpp.h; path = helper.hpp; sourceTree = "<group>"; };
		B91B3E0B2122D6300045484A /* lbp.hpp */ = {isa = PBXFileReference; fileEncoding = 4; lastKnownFileType = sourcecode.cpp.h; path = lbp.hpp; sourceTree = "<group>"; };
		B91B3E0D2122D6300045484A /* mser2.hpp */ = {isa = PBXFileReference; fileEncoding = 4; lastKnownFileType = sourcecode.cpp.h; path = mser2.hpp; sourceTree = "<group>"; };
		B91B3E0E2122D6300045484A /* mser2.cpp */ = {isa = PBXFileReference; fileEncoding = 4; lastKnownFileType = sourcecode.cpp.cpp; path = mser2.cpp; sourceTree = "<group>"; };
		B91B3E102122D6300045484A /* erfilter.cpp */ = {isa = PBXFileReference; fileEncoding = 4; lastKnownFileType = sourcecode.cpp.cpp; path = erfilter.cpp; sourceTree = "<group>"; };
		B91B3E112122D6300045484A /* erfilter.hpp */ = {isa = PBXFileReference; fileEncoding = 4; lastKnownFileType = sourcecode.cpp.h; path = erfilter.hpp; sourceTree = "<group>"; };
		B91B3E132122D6300045484A /* xmlParser.h */ = {isa = PBXFileReference; fileEncoding = 4; lastKnownFileType = sourcecode.c.h; path = xmlParser.h; sourceTree = "<group>"; };
		B91B3E142122D6300045484A /* AFPL-license.txt */ = {isa = PBXFileReference; fileEncoding = 4; lastKnownFileType = text; path = "AFPL-license.txt"; sourceTree = "<group>"; };
		B91B3E152122D6300045484A /* xmlParser.cpp */ = {isa = PBXFileReference; fileEncoding = 4; lastKnownFileType = sourcecode.cpp.cpp; path = xmlParser.cpp; sourceTree = "<group>"; };
		B93FB9E3210EE5FE00DC1E4D /* EasyPR.app */ = {isa = PBXFileReference; explicitFileType = wrapper.application; includeInIndex = 0; path = EasyPR.app; sourceTree = BUILT_PRODUCTS_DIR; };
		B93FB9E6210EE5FE00DC1E4D /* AppDelegate.h */ = {isa = PBXFileReference; lastKnownFileType = sourcecode.c.h; path = AppDelegate.h; sourceTree = "<group>"; };
		B93FB9E7210EE5FE00DC1E4D /* AppDelegate.m */ = {isa = PBXFileReference; lastKnownFileType = sourcecode.c.objc; path = AppDelegate.m; sourceTree = "<group>"; };
		B93FB9E9210EE5FE00DC1E4D /* ViewController.h */ = {isa = PBXFileReference; lastKnownFileType = sourcecode.c.h; path = ViewController.h; sourceTree = "<group>"; };
		B93FB9EA210EE5FE00DC1E4D /* ViewController.mm */ = {isa = PBXFileReference; lastKnownFileType = sourcecode.cpp.objcpp; path = ViewController.mm; sourceTree = "<group>"; };
		B93FB9ED210EE5FE00DC1E4D /* Base */ = {isa = PBXFileReference; lastKnownFileType = file.storyboard; name = Base; path = Base.lproj/Main.storyboard; sourceTree = "<group>"; };
		B93FB9EF210EE5FF00DC1E4D /* Assets.xcassets */ = {isa = PBXFileReference; lastKnownFileType = folder.assetcatalog; path = Assets.xcassets; sourceTree = "<group>"; };
		B93FB9F2210EE5FF00DC1E4D /* Base */ = {isa = PBXFileReference; lastKnownFileType = file.storyboard; name = Base; path = Base.lproj/LaunchScreen.storyboard; sourceTree = "<group>"; };
		B93FB9F4210EE5FF00DC1E4D /* Info.plist */ = {isa = PBXFileReference; lastKnownFileType = text.plist.xml; path = Info.plist; sourceTree = "<group>"; };
		B93FB9F5210EE5FF00DC1E4D /* main.m */ = {isa = PBXFileReference; lastKnownFileType = sourcecode.c.objc; path = main.m; sourceTree = "<group>"; };
		B93FB9FB210EE5FF00DC1E4D /* EasyPRTests.xctest */ = {isa = PBXFileReference; explicitFileType = wrapper.cfbundle; includeInIndex = 0; path = EasyPRTests.xctest; sourceTree = BUILT_PRODUCTS_DIR; };
		B93FB9FF210EE5FF00DC1E4D /* EasyPRTests.mm */ = {isa = PBXFileReference; lastKnownFileType = sourcecode.cpp.objcpp; path = EasyPRTests.mm; sourceTree = "<group>"; };
		B93FBA01210EE5FF00DC1E4D /* Info.plist */ = {isa = PBXFileReference; lastKnownFileType = text.plist.xml; path = Info.plist; sourceTree = "<group>"; };
		B93FBA0A210EE63700DC1E4D /* log.md */ = {isa = PBXFileReference; lastKnownFileType = net.daringfireball.markdown; path = log.md; sourceTree = "<group>"; };
		B947E6E2211013D1007C8216 /* UIImageCVMatConverter.mm */ = {isa = PBXFileReference; fileEncoding = 4; lastKnownFileType = sourcecode.cpp.objcpp; path = UIImageCVMatConverter.mm; sourceTree = "<group>"; };
		B947E6E3211013D1007C8216 /* UIImageCVMatConverter.h */ = {isa = PBXFileReference; fileEncoding = 4; lastKnownFileType = sourcecode.c.h; path = UIImageCVMatConverter.h; sourceTree = "<group>"; };
		B947E6E5211025D2007C8216 /* test.jpg */ = {isa = PBXFileReference; lastKnownFileType = image.jpeg; path = test.jpg; sourceTree = "<group>"; };
		B94E23AE211BD03C00E26504 /* EdgeLocateController.h */ = {isa = PBXFileReference; lastKnownFileType = sourcecode.c.h; path = EdgeLocateController.h; sourceTree = "<group>"; };
		B94E23AF211BD03C00E26504 /* EdgeLocateController.mm */ = {isa = PBXFileReference; lastKnownFileType = sourcecode.cpp.objcpp; path = EdgeLocateController.mm; sourceTree = "<group>"; };
		B94E23B1211BD96E00E26504 /* plate_judge.jpg */ = {isa = PBXFileReference; lastKnownFileType = image.jpeg; path = plate_judge.jpg; sourceTree = "<group>"; };
		B98A7AFA212CFAB1007F5249 /* plate.png */ = {isa = PBXFileReference; lastKnownFileType = image.png; path = plate.png; sourceTree = "<group>"; };
		B98A7AFC212CFBBF007F5249 /* plate.jpg */ = {isa = PBXFileReference; lastKnownFileType = image.jpeg; path = plate.jpg; sourceTree = "<group>"; };
		B98A7B02212D13C6007F5249 /* core_func.cpp */ = {isa = PBXFileReference; fileEncoding = 4; lastKnownFileType = sourcecode.cpp.cpp; path = core_func.cpp; sourceTree = "<group>"; };
		B98A7B05212D34A3007F5249 /* ann_train.cpp */ = {isa = PBXFileReference; lastKnownFileType = sourcecode.cpp.cpp; path = ann_train.cpp; sourceTree = "<group>"; };
		B98A7B06212D34A3007F5249 /* ann_train.hpp */ = {isa = PBXFileReference; lastKnownFileType = sourcecode.cpp.h; path = ann_train.hpp; sourceTree = "<group>"; };
		B98A7B08212D38EA007F5249 /* config.h */ = {isa = PBXFileReference; fileEncoding = 4; lastKnownFileType = sourcecode.c.h; path = config.h; sourceTree = "<group>"; };
		B98A7B0A212D6A45007F5249 /* util.h */ = {isa = PBXFileReference; fileEncoding = 4; lastKnownFileType = sourcecode.c.h; path = util.h; sourceTree = "<group>"; };
		B98A7B0B212D6A58007F5249 /* util.cpp */ = {isa = PBXFileReference; fileEncoding = 4; lastKnownFileType = sourcecode.cpp.cpp; path = util.cpp; sourceTree = "<group>"; };
		B98A7B0D212D6A92007F5249 /* kv.h */ = {isa = PBXFileReference; fileEncoding = 4; lastKnownFileType = sourcecode.c.h; path = kv.h; sourceTree = "<group>"; };
		B98A7B0E212D6AA4007F5249 /* kv.cpp */ = {isa = PBXFileReference; fileEncoding = 4; lastKnownFileType = sourcecode.cpp.cpp; path = kv.cpp; sourceTree = "<group>"; };
		B98A7B11212D6AF0007F5249 /* libstdc++.6.0.9.tbd */ = {isa = PBXFileReference; lastKnownFileType = "sourcecode.text-based-dylib-definition"; name = "libstdc++.6.0.9.tbd"; path = "usr/lib/libstdc++.6.0.9.tbd"; sourceTree = SDKROOT; };
		B98C43B8211D20C200B8409D /* model */ = {isa = PBXFileReference; lastKnownFileType = folder; name = model; path = "../../EasyPR-iOS-master/resources/model"; sourceTree = "<group>"; };
		B98E434B212E451F0075791D /* core_func.h */ = {isa = PBXFileReference; fileEncoding = 4; lastKnownFileType = sourcecode.c.h; path = core_func.h; sourceTree = "<group>"; };
		B98E434C212E48280075791D /* feature.cpp */ = {isa = PBXFileReference; lastKnownFileType = sourcecode.cpp.cpp; path = feature.cpp; sourceTree = "<group>"; };
		B98E434D212E48280075791D /* feature.hpp */ = {isa = PBXFileReference; lastKnownFileType = sourcecode.cpp.h; path = feature.hpp; sourceTree = "<group>"; };
		B98E4350212EB0CF0075791D /* train */ = {isa = PBXFileReference; lastKnownFileType = folder; name = train; path = "../../EasyPR-iOS-master/resources/train"; sourceTree = "<group>"; };
		E42C977D211B2D1900712339 /* Assets.xcassets */ = {isa = PBXFileReference; lastKnownFileType = folder.assetcatalog; path = Assets.xcassets; sourceTree = "<group>"; };
		E42C977E211B2D1900712339 /* LanelineController.m */ = {isa = PBXFileReference; fileEncoding = 4; lastKnownFileType = sourcecode.c.objc; path = LanelineController.m; sourceTree = "<group>"; };
		E42C977F211B2D1900712339 /* ContourTestController.h */ = {isa = PBXFileReference; fileEncoding = 4; lastKnownFileType = sourcecode.c.h; path = ContourTestController.h; sourceTree = "<group>"; };
		E42C9780211B2D1A00712339 /* test2.jpeg */ = {isa = PBXFileReference; lastKnownFileType = image.jpeg; path = test2.jpeg; sourceTree = "<group>"; };
		E42C9781211B2D1A00712339 /* opencv2.framework */ = {isa = PBXFileReference; lastKnownFileType = wrapper.framework; path = opencv2.framework; sourceTree = "<group>"; };
		E42C9782211B2D1A00712339 /* ContourTestController.mm */ = {isa = PBXFileReference; fileEncoding = 4; lastKnownFileType = sourcecode.cpp.objcpp; path = ContourTestController.mm; sourceTree = "<group>"; };
		E42C9783211B2D1A00712339 /* ShowController.m */ = {isa = PBXFileReference; fileEncoding = 4; lastKnownFileType = sourcecode.c.objc; path = ShowController.m; sourceTree = "<group>"; };
		E42C9786211B2D1A00712339 /* Base */ = {isa = PBXFileReference; lastKnownFileType = file.storyboard; name = Base; path = LaunchScreen.storyboard; sourceTree = "<group>"; };
		E42C9788211B2D1A00712339 /* Base */ = {isa = PBXFileReference; lastKnownFileType = file.storyboard; name = Base; path = Main.storyboard; sourceTree = "<group>"; };
		E42C9789211B2D1A00712339 /* PlateRecognitionController.h */ = {isa = PBXFileReference; fileEncoding = 4; lastKnownFileType = sourcecode.c.h; path = PlateRecognitionController.h; sourceTree = "<group>"; };
		E42C978A211B2D1A00712339 /* PlateRecognitionController.mm */ = {isa = PBXFileReference; fileEncoding = 4; lastKnownFileType = sourcecode.cpp.objcpp; path = PlateRecognitionController.mm; sourceTree = "<group>"; };
		E42C978B211B2D1A00712339 /* LanelineController.h */ = {isa = PBXFileReference; fileEncoding = 4; lastKnownFileType = sourcecode.c.h; path = LanelineController.h; sourceTree = "<group>"; };
		E42C978C211B2D1A00712339 /* ShowController.h */ = {isa = PBXFileReference; fileEncoding = 4; lastKnownFileType = sourcecode.c.h; path = ShowController.h; sourceTree = "<group>"; };
		E42C9796211B329D00712339 /* ActionItem.h */ = {isa = PBXFileReference; lastKnownFileType = sourcecode.c.h; path = ActionItem.h; sourceTree = "<group>"; };
		E42C9797211B329D00712339 /* ActionItem.m */ = {isa = PBXFileReference; lastKnownFileType = sourcecode.c.objc; path = ActionItem.m; sourceTree = "<group>"; };
		E42C979A211B360600712339 /* BaseController.h */ = {isa = PBXFileReference; lastKnownFileType = sourcecode.c.h; path = BaseController.h; sourceTree = "<group>"; };
		E42C979B211B360600712339 /* BaseController.mm */ = {isa = PBXFileReference; lastKnownFileType = sourcecode.cpp.objcpp; path = BaseController.mm; sourceTree = "<group>"; };
		E42C979D211B396300712339 /* MserLocateController.h */ = {isa = PBXFileReference; lastKnownFileType = sourcecode.c.h; path = MserLocateController.h; sourceTree = "<group>"; };
		E42C979E211B396300712339 /* MserLocateController.mm */ = {isa = PBXFileReference; lastKnownFileType = sourcecode.cpp.objcpp; path = MserLocateController.mm; sourceTree = "<group>"; };
		E46199A0211C702A00499C8D /* CommHandle.cpp */ = {isa = PBXFileReference; lastKnownFileType = sourcecode.cpp.cpp; path = CommHandle.cpp; sourceTree = "<group>"; };
/* End PBXFileReference section */

/* Begin PBXFrameworksBuildPhase section */
		B93FB9E0210EE5FD00DC1E4D /* Frameworks */ = {
			isa = PBXFrameworksBuildPhase;
			buildActionMask = 2147483647;
			files = (
				B98A7B12212D6AF0007F5249 /* libstdc++.6.0.9.tbd in Frameworks */,
				E42C9790211B2D1A00712339 /* opencv2.framework in Frameworks */,
			);
			runOnlyForDeploymentPostprocessing = 0;
		};
		B93FB9F8210EE5FF00DC1E4D /* Frameworks */ = {
			isa = PBXFrameworksBuildPhase;
			buildActionMask = 2147483647;
			files = (
			);
			runOnlyForDeploymentPostprocessing = 0;
		};
/* End PBXFrameworksBuildPhase section */

/* Begin PBXGroup section */
		B90FA263211C35190050DE42 /* images */ = {
			isa = PBXGroup;
			children = (
				B98A7AFC212CFBBF007F5249 /* plate.jpg */,
				B98A7AFA212CFAB1007F5249 /* plate.png */,
				B91B3E042122D3140045484A /* chars_segment.jpg */,
				B90FA26A211C354F0050DE42 /* cAA662F.jpg */,
				B90FA265211C354F0050DE42 /* car3.jpg */,
				B90FA26C211C35500050DE42 /* car4.jpg */,
				B90FA26E211C35500050DE42 /* car5.jpg */,
				B90FA267211C354F0050DE42 /* lLD9016.jpg */,
				B90FA26D211C35500050DE42 /* wA87271.jpg */,
				B90FA266211C354F0050DE42 /* wATH859.jpg */,
				B90FA268211C354F0050DE42 /* wAUB816.jpg */,
				B947E6E5211025D2007C8216 /* test.jpg */,
				B94E23B1211BD96E00E26504 /* plate_judge.jpg */,
			);
			path = images;
			sourceTree = "<group>";
		};
		B91B3E012122C9EC0045484A /* chars */ = {
			isa = PBXGroup;
			children = (
			);
			path = chars;
			sourceTree = "<group>";
		};
		B91B3E062122D6300045484A /* thirdparty */ = {
			isa = PBXGroup;
			children = (
				B91B3E072122D6300045484A /* LBP */,
				B91B3E0C2122D6300045484A /* mser */,
				B91B3E0F2122D6300045484A /* textDetect */,
				B91B3E122122D6300045484A /* xmlParser */,
			);
			name = thirdparty;
			path = "../../EasyPR-iOS-master/thirdparty";
			sourceTree = "<group>";
		};
		B91B3E072122D6300045484A /* LBP */ = {
			isa = PBXGroup;
			children = (
				B91B3E082122D6300045484A /* lbp.cpp */,
				B91B3E092122D6300045484A /* helper.cpp */,
				B91B3E0A2122D6300045484A /* helper.hpp */,
				B91B3E0B2122D6300045484A /* lbp.hpp */,
			);
			path = LBP;
			sourceTree = "<group>";
		};
		B91B3E0C2122D6300045484A /* mser */ = {
			isa = PBXGroup;
			children = (
				B91B3E0D2122D6300045484A /* mser2.hpp */,
				B91B3E0E2122D6300045484A /* mser2.cpp */,
			);
			path = mser;
			sourceTree = "<group>";
		};
		B91B3E0F2122D6300045484A /* textDetect */ = {
			isa = PBXGroup;
			children = (
				B91B3E102122D6300045484A /* erfilter.cpp */,
				B91B3E112122D6300045484A /* erfilter.hpp */,
			);
			path = textDetect;
			sourceTree = "<group>";
		};
		B91B3E122122D6300045484A /* xmlParser */ = {
			isa = PBXGroup;
			children = (
				B91B3E132122D6300045484A /* xmlParser.h */,
				B91B3E142122D6300045484A /* AFPL-license.txt */,
				B91B3E152122D6300045484A /* xmlParser.cpp */,
			);
			path = xmlParser;
			sourceTree = "<group>";
		};
		B93FB9DA210EE5FD00DC1E4D = {
			isa = PBXGroup;
			children = (
				B93FB9E5210EE5FE00DC1E4D /* EasyPR */,
				B93FB9FE210EE5FF00DC1E4D /* EasyPRTests */,
				B93FB9E4210EE5FE00DC1E4D /* Products */,
				B98A7B10212D6AF0007F5249 /* Frameworks */,
			);
			sourceTree = "<group>";
		};
		B93FB9E4210EE5FE00DC1E4D /* Products */ = {
			isa = PBXGroup;
			children = (
				B93FB9E3210EE5FE00DC1E4D /* EasyPR.app */,
				B93FB9FB210EE5FF00DC1E4D /* EasyPRTests.xctest */,
			);
			name = Products;
			sourceTree = "<group>";
		};
		B93FB9E5210EE5FE00DC1E4D /* EasyPR */ = {
			isa = PBXGroup;
			children = (
				B98E4350212EB0CF0075791D /* train */,
				B98A7B09212D6A1E007F5249 /* utils */,
				B98A7B08212D38EA007F5249 /* config.h */,
				B98A7B04212D340C007F5249 /* train */,
				B994233C21254B1B00620102 /* core */,
				B91B3E062122D6300045484A /* thirdparty */,
				B91B3E012122C9EC0045484A /* chars */,
				B98C43B8211D20C200B8409D /* model */,
				B90FA263211C35190050DE42 /* images */,
				E42C9799211B350300712339 /* locate */,
				E42C977D211B2D1900712339 /* Assets.xcassets */,
				E42C9784211B2D1A00712339 /* Base.lproj */,
				E42C977F211B2D1900712339 /* ContourTestController.h */,
				E42C9782211B2D1A00712339 /* ContourTestController.mm */,
				E42C978B211B2D1A00712339 /* LanelineController.h */,
				E42C977E211B2D1900712339 /* LanelineController.m */,
				E42C9781211B2D1A00712339 /* opencv2.framework */,
				E42C9789211B2D1A00712339 /* PlateRecognitionController.h */,
				E42C978A211B2D1A00712339 /* PlateRecognitionController.mm */,
				E42C978C211B2D1A00712339 /* ShowController.h */,
				E42C9783211B2D1A00712339 /* ShowController.m */,
				E42C9780211B2D1A00712339 /* test2.jpeg */,
				B947E6E3211013D1007C8216 /* UIImageCVMatConverter.h */,
				B947E6E2211013D1007C8216 /* UIImageCVMatConverter.mm */,
				B93FB9E6210EE5FE00DC1E4D /* AppDelegate.h */,
				B93FB9E7210EE5FE00DC1E4D /* AppDelegate.m */,
				B93FB9E9210EE5FE00DC1E4D /* ViewController.h */,
				B93FB9EA210EE5FE00DC1E4D /* ViewController.mm */,
				B93FB9EC210EE5FE00DC1E4D /* Main.storyboard */,
				B93FB9EF210EE5FF00DC1E4D /* Assets.xcassets */,
				B93FB9F1210EE5FF00DC1E4D /* LaunchScreen.storyboard */,
				B93FB9F4210EE5FF00DC1E4D /* Info.plist */,
				B93FB9F5210EE5FF00DC1E4D /* main.m */,
				B93FBA0A210EE63700DC1E4D /* log.md */,
				E42C9796211B329D00712339 /* ActionItem.h */,
				E42C9797211B329D00712339 /* ActionItem.m */,
				E42C979A211B360600712339 /* BaseController.h */,
				E42C979B211B360600712339 /* BaseController.mm */,
				E46199A0211C702A00499C8D /* CommHandle.cpp */,
			);
			path = EasyPR;
			sourceTree = "<group>";
		};
		B93FB9FE210EE5FF00DC1E4D /* EasyPRTests */ = {
			isa = PBXGroup;
			children = (
				B93FB9FF210EE5FF00DC1E4D /* EasyPRTests.mm */,
				B93FBA01210EE5FF00DC1E4D /* Info.plist */,
			);
			path = EasyPRTests;
			sourceTree = "<group>";
		};
		B98A7B04212D340C007F5249 /* train */ = {
			isa = PBXGroup;
			children = (
				B98A7B05212D34A3007F5249 /* ann_train.cpp */,
				B98A7B06212D34A3007F5249 /* ann_train.hpp */,
			);
			path = train;
			sourceTree = "<group>";
		};
		B98A7B09212D6A1E007F5249 /* utils */ = {
			isa = PBXGroup;
			children = (
				B98A7B0E212D6AA4007F5249 /* kv.cpp */,
				B98A7B0D212D6A92007F5249 /* kv.h */,
				B98A7B0A212D6A45007F5249 /* util.h */,
				B98A7B0B212D6A58007F5249 /* util.cpp */,
			);
			path = utils;
			sourceTree = "<group>";
		};
		B98A7B10212D6AF0007F5249 /* Frameworks */ = {
			isa = PBXGroup;
			children = (
				B98A7B11212D6AF0007F5249 /* libstdc++.6.0.9.tbd */,
			);
			name = Frameworks;
			sourceTree = "<group>";
		};
		B994233C21254B1B00620102 /* core */ = {
			isa = PBXGroup;
			children = (
				B98E434B212E451F0075791D /* core_func.h */,
				B98A7B02212D13C6007F5249 /* core_func.cpp */,
				B98E434C212E48280075791D /* feature.cpp */,
				B98E434D212E48280075791D /* feature.hpp */,
			);
			path = core;
			sourceTree = "<group>";
		};
		E42C9784211B2D1A00712339 /* Base.lproj */ = {
			isa = PBXGroup;
			children = (
				E42C9785211B2D1A00712339 /* LaunchScreen.storyboard */,
				E42C9787211B2D1A00712339 /* Main.storyboard */,
			);
			path = Base.lproj;
			sourceTree = "<group>";
		};
		E42C9799211B350300712339 /* locate */ = {
			isa = PBXGroup;
			children = (
				E42C979D211B396300712339 /* MserLocateController.h */,
				E42C979E211B396300712339 /* MserLocateController.mm */,
				B94E23AE211BD03C00E26504 /* EdgeLocateController.h */,
				B94E23AF211BD03C00E26504 /* EdgeLocateController.mm */,
			);
			path = locate;
			sourceTree = "<group>";
		};
/* End PBXGroup section */

/* Begin PBXNativeTarget section */
		B93FB9E2210EE5FD00DC1E4D /* EasyPR */ = {
			isa = PBXNativeTarget;
			buildConfigurationList = B93FBA04210EE5FF00DC1E4D /* Build configuration list for PBXNativeTarget "EasyPR" */;
			buildPhases = (
				B93FB9DF210EE5FD00DC1E4D /* Sources */,
				B93FB9E0210EE5FD00DC1E4D /* Frameworks */,
				B93FB9E1210EE5FD00DC1E4D /* Resources */,
			);
			buildRules = (
			);
			dependencies = (
			);
			name = EasyPR;
			productName = EasyPR;
			productReference = B93FB9E3210EE5FE00DC1E4D /* EasyPR.app */;
			productType = "com.apple.product-type.application";
		};
		B93FB9FA210EE5FF00DC1E4D /* EasyPRTests */ = {
			isa = PBXNativeTarget;
			buildConfigurationList = B93FBA07210EE5FF00DC1E4D /* Build configuration list for PBXNativeTarget "EasyPRTests" */;
			buildPhases = (
				B93FB9F7210EE5FF00DC1E4D /* Sources */,
				B93FB9F8210EE5FF00DC1E4D /* Frameworks */,
				B93FB9F9210EE5FF00DC1E4D /* Resources */,
			);
			buildRules = (
			);
			dependencies = (
				B93FB9FD210EE5FF00DC1E4D /* PBXTargetDependency */,
			);
			name = EasyPRTests;
			productName = EasyPRTests;
			productReference = B93FB9FB210EE5FF00DC1E4D /* EasyPRTests.xctest */;
			productType = "com.apple.product-type.bundle.unit-test";
		};
/* End PBXNativeTarget section */

/* Begin PBXProject section */
		B93FB9DB210EE5FD00DC1E4D /* Project object */ = {
			isa = PBXProject;
			attributes = {
				LastUpgradeCheck = 0930;
				ORGANIZATIONNAME = " dingxiuwei";
				TargetAttributes = {
					B93FB9E2210EE5FD00DC1E4D = {
						CreatedOnToolsVersion = 9.3;
						LastSwiftMigration = 0930;
					};
					B93FB9FA210EE5FF00DC1E4D = {
						CreatedOnToolsVersion = 9.3;
						TestTargetID = B93FB9E2210EE5FD00DC1E4D;
					};
				};
			};
			buildConfigurationList = B93FB9DE210EE5FD00DC1E4D /* Build configuration list for PBXProject "EasyPR" */;
			compatibilityVersion = "Xcode 9.3";
			developmentRegion = en;
			hasScannedForEncodings = 0;
			knownRegions = (
				en,
				Base,
			);
			mainGroup = B93FB9DA210EE5FD00DC1E4D;
			productRefGroup = B93FB9E4210EE5FE00DC1E4D /* Products */;
			projectDirPath = "";
			projectRoot = "";
			targets = (
				B93FB9E2210EE5FD00DC1E4D /* EasyPR */,
				B93FB9FA210EE5FF00DC1E4D /* EasyPRTests */,
			);
		};
/* End PBXProject section */

/* Begin PBXResourcesBuildPhase section */
		B93FB9E1210EE5FD00DC1E4D /* Resources */ = {
			isa = PBXResourcesBuildPhase;
			buildActionMask = 2147483647;
			files = (
				E42C9793211B2D1A00712339 /* LaunchScreen.storyboard in Resources */,
				B90FA277211C35500050DE42 /* car4.jpg in Resources */,
				B90FA279211C35500050DE42 /* car5.jpg in Resources */,
				B98E4351212EB0CF0075791D /* train in Resources */,
				B90FA275211C35500050DE42 /* cAA662F.jpg in Resources */,
				B90FA270211C35500050DE42 /* car3.jpg in Resources */,
				B90FA271211C35500050DE42 /* wATH859.jpg in Resources */,
				E42C9794211B2D1A00712339 /* Main.storyboard in Resources */,
				E42C978F211B2D1A00712339 /* test2.jpeg in Resources */,
				B90FA272211C35500050DE42 /* lLD9016.jpg in Resources */,
				B90FA273211C35500050DE42 /* wAUB816.jpg in Resources */,
				B947E6E6211025D2007C8216 /* test.jpg in Resources */,
				B91B3E052122D3140045484A /* chars_segment.jpg in Resources */,
				B98C43B9211D20C200B8409D /* model in Resources */,
				B93FB9F3210EE5FF00DC1E4D /* LaunchScreen.storyboard in Resources */,
				B93FB9F0210EE5FF00DC1E4D /* Assets.xcassets in Resources */,
				B94E23B2211BD96E00E26504 /* plate_judge.jpg in Resources */,
				B98A7AFB212CFAB1007F5249 /* plate.png in Resources */,
				E42C978D211B2D1A00712339 /* Assets.xcassets in Resources */,
				B93FB9EE210EE5FE00DC1E4D /* Main.storyboard in Resources */,
				B98A7AFD212CFBBF007F5249 /* plate.jpg in Resources */,
				B93FBA0B210EE63700DC1E4D /* log.md in Resources */,
				B90FA278211C35500050DE42 /* wA87271.jpg in Resources */,
				B91B3E1A2122D6300045484A /* AFPL-license.txt in Resources */,
			);
			runOnlyForDeploymentPostprocessing = 0;
		};
		B93FB9F9210EE5FF00DC1E4D /* Resources */ = {
			isa = PBXResourcesBuildPhase;
			buildActionMask = 2147483647;
			files = (
				B98E4352212EB0CF0075791D /* train in Resources */,
			);
			runOnlyForDeploymentPostprocessing = 0;
		};
/* End PBXResourcesBuildPhase section */

/* Begin PBXSourcesBuildPhase section */
		B93FB9DF210EE5FD00DC1E4D /* Sources */ = {
			isa = PBXSourcesBuildPhase;
			buildActionMask = 2147483647;
			files = (
				E42C979F211B396300712339 /* MserLocateController.mm in Sources */,
				E42C9795211B2D1A00712339 /* PlateRecognitionController.mm in Sources */,
				B98A7B0C212D6A58007F5249 /* util.cpp in Sources */,
				B91B3E172122D6300045484A /* helper.cpp in Sources */,
				B91B3E182122D6300045484A /* mser2.cpp in Sources */,
				B98A7B07212D34A3007F5249 /* ann_train.cpp in Sources */,
				B91B3E162122D6300045484A /* lbp.cpp in Sources */,
				B947E6E4211013D1007C8216 /* UIImageCVMatConverter.mm in Sources */,
				B93FB9EB210EE5FE00DC1E4D /* ViewController.mm in Sources */,
				E42C9791211B2D1A00712339 /* ContourTestController.mm in Sources */,
				B93FB9F6210EE5FF00DC1E4D /* main.m in Sources */,
				B94E23B0211BD03C00E26504 /* EdgeLocateController.mm in Sources */,
				E42C9798211B329D00712339 /* ActionItem.m in Sources */,
				E46199A1211C702A00499C8D /* CommHandle.cpp in Sources */,
				B98A7B0F212D6AA4007F5249 /* kv.cpp in Sources */,
				B91B3E1B2122D6300045484A /* xmlParser.cpp in Sources */,
				B91B3E192122D6300045484A /* erfilter.cpp in Sources */,
				E42C979C211B360600712339 /* BaseController.mm in Sources */,
				E42C978E211B2D1A00712339 /* LanelineController.m in Sources */,
				B98E434E212E48280075791D /* feature.cpp in Sources */,
				B98A7B03212D13C6007F5249 /* core_func.cpp in Sources */,
				B93FB9E8210EE5FE00DC1E4D /* AppDelegate.m in Sources */,
				E42C9792211B2D1A00712339 /* ShowController.m in Sources */,
			);
			runOnlyForDeploymentPostprocessing = 0;
		};
		B93FB9F7210EE5FF00DC1E4D /* Sources */ = {
			isa = PBXSourcesBuildPhase;
			buildActionMask = 2147483647;
			files = (
				B98E434F212EAE3B0075791D /* ann_train.cpp in Sources */,
				B93FBA00210EE5FF00DC1E4D /* EasyPRTests.mm in Sources */,
			);
			runOnlyForDeploymentPostprocessing = 0;
		};
/* End PBXSourcesBuildPhase section */

/* Begin PBXTargetDependency section */
		B93FB9FD210EE5FF00DC1E4D /* PBXTargetDependency */ = {
			isa = PBXTargetDependency;
			target = B93FB9E2210EE5FD00DC1E4D /* EasyPR */;
			targetProxy = B93FB9FC210EE5FF00DC1E4D /* PBXContainerItemProxy */;
		};
/* End PBXTargetDependency section */

/* Begin PBXVariantGroup section */
		B93FB9EC210EE5FE00DC1E4D /* Main.storyboard */ = {
			isa = PBXVariantGroup;
			children = (
				B93FB9ED210EE5FE00DC1E4D /* Base */,
			);
			name = Main.storyboard;
			sourceTree = "<group>";
		};
		B93FB9F1210EE5FF00DC1E4D /* LaunchScreen.storyboard */ = {
			isa = PBXVariantGroup;
			children = (
				B93FB9F2210EE5FF00DC1E4D /* Base */,
			);
			name = LaunchScreen.storyboard;
			sourceTree = "<group>";
		};
		E42C9785211B2D1A00712339 /* LaunchScreen.storyboard */ = {
			isa = PBXVariantGroup;
			children = (
				E42C9786211B2D1A00712339 /* Base */,
			);
			name = LaunchScreen.storyboard;
			sourceTree = "<group>";
		};
		E42C9787211B2D1A00712339 /* Main.storyboard */ = {
			isa = PBXVariantGroup;
			children = (
				E42C9788211B2D1A00712339 /* Base */,
			);
			name = Main.storyboard;
			sourceTree = "<group>";
		};
/* End PBXVariantGroup section */

/* Begin XCBuildConfiguration section */
		B93FBA02210EE5FF00DC1E4D /* Debug */ = {
			isa = XCBuildConfiguration;
			buildSettings = {
				ALWAYS_SEARCH_USER_PATHS = NO;
				CLANG_ANALYZER_NONNULL = YES;
				CLANG_ANALYZER_NUMBER_OBJECT_CONVERSION = YES_AGGRESSIVE;
				CLANG_CXX_LANGUAGE_STANDARD = "gnu++14";
				CLANG_CXX_LIBRARY = "libc++";
				CLANG_ENABLE_MODULES = YES;
				CLANG_ENABLE_OBJC_ARC = YES;
				CLANG_ENABLE_OBJC_WEAK = YES;
				CLANG_WARN_BLOCK_CAPTURE_AUTORELEASING = YES;
				CLANG_WARN_BOOL_CONVERSION = YES;
				CLANG_WARN_COMMA = YES;
				CLANG_WARN_CONSTANT_CONVERSION = YES;
				CLANG_WARN_DEPRECATED_OBJC_IMPLEMENTATIONS = YES;
				CLANG_WARN_DIRECT_OBJC_ISA_USAGE = YES_ERROR;
				CLANG_WARN_DOCUMENTATION_COMMENTS = YES;
				CLANG_WARN_EMPTY_BODY = YES;
				CLANG_WARN_ENUM_CONVERSION = YES;
				CLANG_WARN_INFINITE_RECURSION = YES;
				CLANG_WARN_INT_CONVERSION = YES;
				CLANG_WARN_NON_LITERAL_NULL_CONVERSION = YES;
				CLANG_WARN_OBJC_IMPLICIT_RETAIN_SELF = YES;
				CLANG_WARN_OBJC_LITERAL_CONVERSION = YES;
				CLANG_WARN_OBJC_ROOT_CLASS = YES_ERROR;
				CLANG_WARN_RANGE_LOOP_ANALYSIS = YES;
				CLANG_WARN_STRICT_PROTOTYPES = YES;
				CLANG_WARN_SUSPICIOUS_MOVE = YES;
				CLANG_WARN_UNGUARDED_AVAILABILITY = YES_AGGRESSIVE;
				CLANG_WARN_UNREACHABLE_CODE = YES;
				CLANG_WARN__DUPLICATE_METHOD_MATCH = YES;
				CODE_SIGN_IDENTITY = "iPhone Developer";
				COPY_PHASE_STRIP = NO;
				DEBUG_INFORMATION_FORMAT = dwarf;
				ENABLE_STRICT_OBJC_MSGSEND = YES;
				ENABLE_TESTABILITY = YES;
				GCC_C_LANGUAGE_STANDARD = gnu11;
				GCC_DYNAMIC_NO_PIC = NO;
				GCC_NO_COMMON_BLOCKS = YES;
				GCC_OPTIMIZATION_LEVEL = 0;
				GCC_PREPROCESSOR_DEFINITIONS = (
					"DEBUG=1",
					"$(inherited)",
				);
				GCC_WARN_64_TO_32_BIT_CONVERSION = YES;
				GCC_WARN_ABOUT_RETURN_TYPE = YES_ERROR;
				GCC_WARN_UNDECLARED_SELECTOR = YES;
				GCC_WARN_UNINITIALIZED_AUTOS = YES_AGGRESSIVE;
				GCC_WARN_UNUSED_FUNCTION = YES;
				GCC_WARN_UNUSED_VARIABLE = YES;
				IPHONEOS_DEPLOYMENT_TARGET = 11.3;
				MTL_ENABLE_DEBUG_INFO = YES;
				ONLY_ACTIVE_ARCH = YES;
				SDKROOT = iphoneos;
			};
			name = Debug;
		};
		B93FBA03210EE5FF00DC1E4D /* Release */ = {
			isa = XCBuildConfiguration;
			buildSettings = {
				ALWAYS_SEARCH_USER_PATHS = NO;
				CLANG_ANALYZER_NONNULL = YES;
				CLANG_ANALYZER_NUMBER_OBJECT_CONVERSION = YES_AGGRESSIVE;
				CLANG_CXX_LANGUAGE_STANDARD = "gnu++14";
				CLANG_CXX_LIBRARY = "libc++";
				CLANG_ENABLE_MODULES = YES;
				CLANG_ENABLE_OBJC_ARC = YES;
				CLANG_ENABLE_OBJC_WEAK = YES;
				CLANG_WARN_BLOCK_CAPTURE_AUTORELEASING = YES;
				CLANG_WARN_BOOL_CONVERSION = YES;
				CLANG_WARN_COMMA = YES;
				CLANG_WARN_CONSTANT_CONVERSION = YES;
				CLANG_WARN_DEPRECATED_OBJC_IMPLEMENTATIONS = YES;
				CLANG_WARN_DIRECT_OBJC_ISA_USAGE = YES_ERROR;
				CLANG_WARN_DOCUMENTATION_COMMENTS = YES;
				CLANG_WARN_EMPTY_BODY = YES;
				CLANG_WARN_ENUM_CONVERSION = YES;
				CLANG_WARN_INFINITE_RECURSION = YES;
				CLANG_WARN_INT_CONVERSION = YES;
				CLANG_WARN_NON_LITERAL_NULL_CONVERSION = YES;
				CLANG_WARN_OBJC_IMPLICIT_RETAIN_SELF = YES;
				CLANG_WARN_OBJC_LITERAL_CONVERSION = YES;
				CLANG_WARN_OBJC_ROOT_CLASS = YES_ERROR;
				CLANG_WARN_RANGE_LOOP_ANALYSIS = YES;
				CLANG_WARN_STRICT_PROTOTYPES = YES;
				CLANG_WARN_SUSPICIOUS_MOVE = YES;
				CLANG_WARN_UNGUARDED_AVAILABILITY = YES_AGGRESSIVE;
				CLANG_WARN_UNREACHABLE_CODE = YES;
				CLANG_WARN__DUPLICATE_METHOD_MATCH = YES;
				CODE_SIGN_IDENTITY = "iPhone Developer";
				COPY_PHASE_STRIP = NO;
				DEBUG_INFORMATION_FORMAT = "dwarf-with-dsym";
				ENABLE_NS_ASSERTIONS = NO;
				ENABLE_STRICT_OBJC_MSGSEND = YES;
				GCC_C_LANGUAGE_STANDARD = gnu11;
				GCC_NO_COMMON_BLOCKS = YES;
				GCC_WARN_64_TO_32_BIT_CONVERSION = YES;
				GCC_WARN_ABOUT_RETURN_TYPE = YES_ERROR;
				GCC_WARN_UNDECLARED_SELECTOR = YES;
				GCC_WARN_UNINITIALIZED_AUTOS = YES_AGGRESSIVE;
				GCC_WARN_UNUSED_FUNCTION = YES;
				GCC_WARN_UNUSED_VARIABLE = YES;
				IPHONEOS_DEPLOYMENT_TARGET = 11.3;
				MTL_ENABLE_DEBUG_INFO = NO;
				SDKROOT = iphoneos;
				VALIDATE_PRODUCT = YES;
			};
			name = Release;
		};
		B93FBA05210EE5FF00DC1E4D /* Debug */ = {
			isa = XCBuildConfiguration;
			buildSettings = {
				ASSETCATALOG_COMPILER_APPICON_NAME = AppIcon;
				CLANG_ENABLE_MODULES = YES;
				CODE_SIGN_STYLE = Automatic;
				DEVELOPMENT_TEAM = 6D7J43H33A;
				ENABLE_BITCODE = NO;
				FRAMEWORK_SEARCH_PATHS = (
					"$(inherited)",
					"$(PROJECT_DIR)/EasyPR",
				);
				HEADER_SEARCH_PATHS = "";
				INFOPLIST_FILE = EasyPR/Info.plist;
				LD_RUNPATH_SEARCH_PATHS = (
					"$(inherited)",
					"@executable_path/Frameworks",
				);
				PRODUCT_BUNDLE_IDENTIFIER = dxw.test.EasyPR;
				PRODUCT_NAME = "$(TARGET_NAME)";
				SWIFT_OBJC_BRIDGING_HEADER = "EasyPR/locate/EasyPR-Bridging-Header.h";
				SWIFT_OPTIMIZATION_LEVEL = "-Onone";
				SWIFT_VERSION = 3.0;
				TARGETED_DEVICE_FAMILY = "1,2";
			};
			name = Debug;
		};
		B93FBA06210EE5FF00DC1E4D /* Release */ = {
			isa = XCBuildConfiguration;
			buildSettings = {
				ASSETCATALOG_COMPILER_APPICON_NAME = AppIcon;
				CLANG_ENABLE_MODULES = YES;
				CODE_SIGN_STYLE = Automatic;
				DEVELOPMENT_TEAM = 6D7J43H33A;
				ENABLE_BITCODE = NO;
				FRAMEWORK_SEARCH_PATHS = (
					"$(inherited)",
					"$(PROJECT_DIR)/EasyPR",
				);
				HEADER_SEARCH_PATHS = "";
				INFOPLIST_FILE = EasyPR/Info.plist;
				LD_RUNPATH_SEARCH_PATHS = (
					"$(inherited)",
					"@executable_path/Frameworks",
				);
				PRODUCT_BUNDLE_IDENTIFIER = dxw.test.EasyPR;
				PRODUCT_NAME = "$(TARGET_NAME)";
				SWIFT_OBJC_BRIDGING_HEADER = "EasyPR/locate/EasyPR-Bridging-Header.h";
				SWIFT_VERSION = 3.0;
				TARGETED_DEVICE_FAMILY = "1,2";
			};
			name = Release;
		};
		B93FBA08210EE5FF00DC1E4D /* Debug */ = {
			isa = XCBuildConfiguration;
			buildSettings = {
				BUNDLE_LOADER = "$(TEST_HOST)";
				CODE_SIGN_STYLE = Automatic;
				DEVELOPMENT_TEAM = 6D7J43H33A;
				FRAMEWORK_SEARCH_PATHS = (
					"$(inherited)",
					"$(PROJECT_DIR)/EasyPR",
				);
				INFOPLIST_FILE = EasyPRTests/Info.plist;
				LD_RUNPATH_SEARCH_PATHS = (
					"$(inherited)",
					"@executable_path/Frameworks",
					"@loader_path/Frameworks",
				);
				PRODUCT_BUNDLE_IDENTIFIER = dxw.test.EasyPRTests;
				PRODUCT_NAME = "$(TARGET_NAME)";
				TARGETED_DEVICE_FAMILY = "1,2";
				TEST_HOST = "$(BUILT_PRODUCTS_DIR)/EasyPR.app/EasyPR";
			};
			name = Debug;
		};
		B93FBA09210EE5FF00DC1E4D /* Release */ = {
			isa = XCBuildConfiguration;
			buildSettings = {
				BUNDLE_LOADER = "$(TEST_HOST)";
				CODE_SIGN_STYLE = Automatic;
				DEVELOPMENT_TEAM = 6D7J43H33A;
				FRAMEWORK_SEARCH_PATHS = (
					"$(inherited)",
					"$(PROJECT_DIR)/EasyPR",
				);
				INFOPLIST_FILE = EasyPRTests/Info.plist;
				LD_RUNPATH_SEARCH_PATHS = (
					"$(inherited)",
					"@executable_path/Frameworks",
					"@loader_path/Frameworks",
				);
				PRODUCT_BUNDLE_IDENTIFIER = dxw.test.EasyPRTests;
				PRODUCT_NAME = "$(TARGET_NAME)";
				TARGETED_DEVICE_FAMILY = "1,2";
				TEST_HOST = "$(BUILT_PRODUCTS_DIR)/EasyPR.app/EasyPR";
			};
			name = Release;
		};
/* End XCBuildConfiguration section */

/* Begin XCConfigurationList section */
		B93FB9DE210EE5FD00DC1E4D /* Build configuration list for PBXProject "EasyPR" */ = {
			isa = XCConfigurationList;
			buildConfigurations = (
				B93FBA02210EE5FF00DC1E4D /* Debug */,
				B93FBA03210EE5FF00DC1E4D /* Release */,
			);
			defaultConfigurationIsVisible = 0;
			defaultConfigurationName = Release;
		};
		B93FBA04210EE5FF00DC1E4D /* Build configuration list for PBXNativeTarget "EasyPR" */ = {
			isa = XCConfigurationList;
			buildConfigurations = (
				B93FBA05210EE5FF00DC1E4D /* Debug */,
				B93FBA06210EE5FF00DC1E4D /* Release */,
			);
			defaultConfigurationIsVisible = 0;
			defaultConfigurationName = Release;
		};
		B93FBA07210EE5FF00DC1E4D /* Build configuration list for PBXNativeTarget "EasyPRTests" */ = {
			isa = XCConfigurationList;
			buildConfigurations = (
				B93FBA08210EE5FF00DC1E4D /* Debug */,
				B93FBA09210EE5FF00DC1E4D /* Release */,
			);
			defaultConfigurationIsVisible = 0;
			defaultConfigurationName = Release;
		};
/* End XCConfigurationList section */
	};
	rootObject = B93FB9DB210EE5FD00DC1E4D /* Project object */;
}
