// !$*UTF8*$!
{
	archiveVersion = 1;
	classes = {
	};
	objectVersion = 50;
	objects = {

/* Begin PBXBuildFile section */
		B93FB9E8210EE5FE00DC1E4D /* AppDelegate.m in Sources */ = {isa = PBXBuildFile; fileRef = B93FB9E7210EE5FE00DC1E4D /* AppDelegate.m */; };
		B93FB9EB210EE5FE00DC1E4D /* ViewController.mm in Sources */ = {isa = PBXBuildFile; fileRef = B93FB9EA210EE5FE00DC1E4D /* ViewController.mm */; };
		B93FB9EE210EE5FE00DC1E4D /* Main.storyboard in Resources */ = {isa = PBXBuildFile; fileRef = B93FB9EC210EE5FE00DC1E4D /* Main.storyboard */; };
		B93FB9F0210EE5FF00DC1E4D /* Assets.xcassets in Resources */ = {isa = PBXBuildFile; fileRef = B93FB9EF210EE5FF00DC1E4D /* Assets.xcassets */; };
		B93FB9F3210EE5FF00DC1E4D /* LaunchScreen.storyboard in Resources */ = {isa = PBXBuildFile; fileRef = B93FB9F1210EE5FF00DC1E4D /* LaunchScreen.storyboard */; };
		B93FB9F6210EE5FF00DC1E4D /* main.m in Sources */ = {isa = PBXBuildFile; fileRef = B93FB9F5210EE5FF00DC1E4D /* main.m */; };
		B93FBA00210EE5FF00DC1E4D /* EasyPRTests.m in Sources */ = {isa = PBXBuildFile; fileRef = B93FB9FF210EE5FF00DC1E4D /* EasyPRTests.m */; };
		B93FBA0B210EE63700DC1E4D /* log.md in Resources */ = {isa = PBXBuildFile; fileRef = B93FBA0A210EE63700DC1E4D /* log.md */; };
		B947E6E4211013D1007C8216 /* UIImageCVMatConverter.mm in Sources */ = {isa = PBXBuildFile; fileRef = B947E6E2211013D1007C8216 /* UIImageCVMatConverter.mm */; };
		E42C978D211B2D1A00712339 /* Assets.xcassets in Resources */ = {isa = PBXBuildFile; fileRef = E42C977D211B2D1900712339 /* Assets.xcassets */; };
		E42C978E211B2D1A00712339 /* LanelineController.m in Sources */ = {isa = PBXBuildFile; fileRef = E42C977E211B2D1900712339 /* LanelineController.m */; };
		E42C978F211B2D1A00712339 /* test2.jpeg in Resources */ = {isa = PBXBuildFile; fileRef = E42C9780211B2D1A00712339 /* test2.jpeg */; };
		E42C9790211B2D1A00712339 /* opencv2.framework in Frameworks */ = {isa = PBXBuildFile; fileRef = E42C9781211B2D1A00712339 /* opencv2.framework */; };
		E42C9791211B2D1A00712339 /* ContourTestController.mm in Sources */ = {isa = PBXBuildFile; fileRef = E42C9782211B2D1A00712339 /* ContourTestController.mm */; };
		E42C9792211B2D1A00712339 /* ShowController.m in Sources */ = {isa = PBXBuildFile; fileRef = E42C9783211B2D1A00712339 /* ShowController.m */; };
		E42C9793211B2D1A00712339 /* LaunchScreen.storyboard in Resources */ = {isa = PBXBuildFile; fileRef = E42C9785211B2D1A00712339 /* LaunchScreen.storyboard */; };
		E42C9794211B2D1A00712339 /* Main.storyboard in Resources */ = {isa = PBXBuildFile; fileRef = E42C9787211B2D1A00712339 /* Main.storyboard */; };
		E42C9795211B2D1A00712339 /* PlateRecognitionController.mm in Sources */ = {isa = PBXBuildFile; fileRef = E42C978A211B2D1A00712339 /* PlateRecognitionController.mm */; };
		E42C9798211B329D00712339 /* ActionItem.m in Sources */ = {isa = PBXBuildFile; fileRef = E42C9797211B329D00712339 /* ActionItem.m */; };
		E42C979C211B360600712339 /* BaseController.mm in Sources */ = {isa = PBXBuildFile; fileRef = E42C979B211B360600712339 /* BaseController.mm */; };
		E42C979F211B396300712339 /* MserLocateController.mm in Sources */ = {isa = PBXBuildFile; fileRef = E42C979E211B396300712339 /* MserLocateController.mm */; };
		E4619988211C6ABE00499C8D /* EdgeLocateController.mm in Sources */ = {isa = PBXBuildFile; fileRef = E4619987211C6ABD00499C8D /* EdgeLocateController.mm */; };
		E4619995211C6AE200499C8D /* 1.jpeg in Resources */ = {isa = PBXBuildFile; fileRef = E461998A211C6AE200499C8D /* 1.jpeg */; };
		E4619996211C6AE200499C8D /* cAA662F.jpg in Resources */ = {isa = PBXBuildFile; fileRef = E461998B211C6AE200499C8D /* cAA662F.jpg */; };
		E4619997211C6AE200499C8D /* car3.jpg in Resources */ = {isa = PBXBuildFile; fileRef = E461998C211C6AE200499C8D /* car3.jpg */; };
		E4619998211C6AE200499C8D /* car4.jpg in Resources */ = {isa = PBXBuildFile; fileRef = E461998D211C6AE200499C8D /* car4.jpg */; };
		E4619999211C6AE200499C8D /* car5.jpg in Resources */ = {isa = PBXBuildFile; fileRef = E461998E211C6AE200499C8D /* car5.jpg */; };
		E461999A211C6AE200499C8D /* lLD9016.jpg in Resources */ = {isa = PBXBuildFile; fileRef = E461998F211C6AE200499C8D /* lLD9016.jpg */; };
		E461999B211C6AE200499C8D /* plate_judge.jpg in Resources */ = {isa = PBXBuildFile; fileRef = E4619990211C6AE200499C8D /* plate_judge.jpg */; };
		E461999C211C6AE200499C8D /* test.jpg in Resources */ = {isa = PBXBuildFile; fileRef = E4619991211C6AE200499C8D /* test.jpg */; };
		E461999D211C6AE200499C8D /* wA87271.jpg in Resources */ = {isa = PBXBuildFile; fileRef = E4619992211C6AE200499C8D /* wA87271.jpg */; };
		E461999E211C6AE200499C8D /* wATH859.jpg in Resources */ = {isa = PBXBuildFile; fileRef = E4619993211C6AE200499C8D /* wATH859.jpg */; };
		E461999F211C6AE200499C8D /* wAUB816.jpg in Resources */ = {isa = PBXBuildFile; fileRef = E4619994211C6AE200499C8D /* wAUB816.jpg */; };
		E46199A1211C702A00499C8D /* CommHandle.cpp in Sources */ = {isa = PBXBuildFile; fileRef = E46199A0211C702A00499C8D /* CommHandle.cpp */; };
/* End PBXBuildFile section */

/* Begin PBXContainerItemProxy section */
		B93FB9FC210EE5FF00DC1E4D /* PBXContainerItemProxy */ = {
			isa = PBXContainerItemProxy;
			containerPortal = B93FB9DB210EE5FD00DC1E4D /* Project object */;
			proxyType = 1;
			remoteGlobalIDString = B93FB9E2210EE5FD00DC1E4D;
			remoteInfo = EasyPR;
		};
/* End PBXContainerItemProxy section */

/* Begin PBXFileReference section */
		B93FB9E3210EE5FE00DC1E4D /* EasyPR.app */ = {isa = PBXFileReference; explicitFileType = wrapper.application; includeInIndex = 0; path = EasyPR.app; sourceTree = BUILT_PRODUCTS_DIR; };
		B93FB9E6210EE5FE00DC1E4D /* AppDelegate.h */ = {isa = PBXFileReference; lastKnownFileType = sourcecode.c.h; path = AppDelegate.h; sourceTree = "<group>"; };
		B93FB9E7210EE5FE00DC1E4D /* AppDelegate.m */ = {isa = PBXFileReference; lastKnownFileType = sourcecode.c.objc; path = AppDelegate.m; sourceTree = "<group>"; };
		B93FB9E9210EE5FE00DC1E4D /* ViewController.h */ = {isa = PBXFileReference; lastKnownFileType = sourcecode.c.h; path = ViewController.h; sourceTree = "<group>"; };
		B93FB9EA210EE5FE00DC1E4D /* ViewController.mm */ = {isa = PBXFileReference; lastKnownFileType = sourcecode.cpp.objcpp; path = ViewController.mm; sourceTree = "<group>"; };
		B93FB9ED210EE5FE00DC1E4D /* Base */ = {isa = PBXFileReference; lastKnownFileType = file.storyboard; name = Base; path = Base.lproj/Main.storyboard; sourceTree = "<group>"; };
		B93FB9EF210EE5FF00DC1E4D /* Assets.xcassets */ = {isa = PBXFileReference; lastKnownFileType = folder.assetcatalog; path = Assets.xcassets; sourceTree = "<group>"; };
		B93FB9F2210EE5FF00DC1E4D /* Base */ = {isa = PBXFileReference; lastKnownFileType = file.storyboard; name = Base; path = Base.lproj/LaunchScreen.storyboard; sourceTree = "<group>"; };
		B93FB9F4210EE5FF00DC1E4D /* Info.plist */ = {isa = PBXFileReference; lastKnownFileType = text.plist.xml; path = Info.plist; sourceTree = "<group>"; };
		B93FB9F5210EE5FF00DC1E4D /* main.m */ = {isa = PBXFileReference; lastKnownFileType = sourcecode.c.objc; path = main.m; sourceTree = "<group>"; };
		B93FB9FB210EE5FF00DC1E4D /* EasyPRTests.xctest */ = {isa = PBXFileReference; explicitFileType = wrapper.cfbundle; includeInIndex = 0; path = EasyPRTests.xctest; sourceTree = BUILT_PRODUCTS_DIR; };
		B93FB9FF210EE5FF00DC1E4D /* EasyPRTests.m */ = {isa = PBXFileReference; lastKnownFileType = sourcecode.c.objc; path = EasyPRTests.m; sourceTree = "<group>"; };
		B93FBA01210EE5FF00DC1E4D /* Info.plist */ = {isa = PBXFileReference; lastKnownFileType = text.plist.xml; path = Info.plist; sourceTree = "<group>"; };
		B93FBA0A210EE63700DC1E4D /* log.md */ = {isa = PBXFileReference; lastKnownFileType = net.daringfireball.markdown; path = log.md; sourceTree = "<group>"; };
		B947E6E2211013D1007C8216 /* UIImageCVMatConverter.mm */ = {isa = PBXFileReference; fileEncoding = 4; lastKnownFileType = sourcecode.cpp.objcpp; path = UIImageCVMatConverter.mm; sourceTree = "<group>"; };
		B947E6E3211013D1007C8216 /* UIImageCVMatConverter.h */ = {isa = PBXFileReference; fileEncoding = 4; lastKnownFileType = sourcecode.c.h; path = UIImageCVMatConverter.h; sourceTree = "<group>"; };
		E42C977D211B2D1900712339 /* Assets.xcassets */ = {isa = PBXFileReference; lastKnownFileType = folder.assetcatalog; path = Assets.xcassets; sourceTree = "<group>"; };
		E42C977E211B2D1900712339 /* LanelineController.m */ = {isa = PBXFileReference; fileEncoding = 4; lastKnownFileType = sourcecode.c.objc; path = LanelineController.m; sourceTree = "<group>"; };
		E42C977F211B2D1900712339 /* ContourTestController.h */ = {isa = PBXFileReference; fileEncoding = 4; lastKnownFileType = sourcecode.c.h; path = ContourTestController.h; sourceTree = "<group>"; };
		E42C9780211B2D1A00712339 /* test2.jpeg */ = {isa = PBXFileReference; lastKnownFileType = image.jpeg; path = test2.jpeg; sourceTree = "<group>"; };
		E42C9781211B2D1A00712339 /* opencv2.framework */ = {isa = PBXFileReference; lastKnownFileType = wrapper.framework; path = opencv2.framework; sourceTree = "<group>"; };
		E42C9782211B2D1A00712339 /* ContourTestController.mm */ = {isa = PBXFileReference; fileEncoding = 4; lastKnownFileType = sourcecode.cpp.objcpp; path = ContourTestController.mm; sourceTree = "<group>"; };
		E42C9783211B2D1A00712339 /* ShowController.m */ = {isa = PBXFileReference; fileEncoding = 4; lastKnownFileType = sourcecode.c.objc; path = ShowController.m; sourceTree = "<group>"; };
		E42C9786211B2D1A00712339 /* Base */ = {isa = PBXFileReference; lastKnownFileType = file.storyboard; name = Base; path = LaunchScreen.storyboard; sourceTree = "<group>"; };
		E42C9788211B2D1A00712339 /* Base */ = {isa = PBXFileReference; lastKnownFileType = file.storyboard; name = Base; path = Main.storyboard; sourceTree = "<group>"; };
		E42C9789211B2D1A00712339 /* PlateRecognitionController.h */ = {isa = PBXFileReference; fileEncoding = 4; lastKnownFileType = sourcecode.c.h; path = PlateRecognitionController.h; sourceTree = "<group>"; };
		E42C978A211B2D1A00712339 /* PlateRecognitionController.mm */ = {isa = PBXFileReference; fileEncoding = 4; lastKnownFileType = sourcecode.cpp.objcpp; path = PlateRecognitionController.mm; sourceTree = "<group>"; };
		E42C978B211B2D1A00712339 /* LanelineController.h */ = {isa = PBXFileReference; fileEncoding = 4; lastKnownFileType = sourcecode.c.h; path = LanelineController.h; sourceTree = "<group>"; };
		E42C978C211B2D1A00712339 /* ShowController.h */ = {isa = PBXFileReference; fileEncoding = 4; lastKnownFileType = sourcecode.c.h; path = ShowController.h; sourceTree = "<group>"; };
		E42C9796211B329D00712339 /* ActionItem.h */ = {isa = PBXFileReference; lastKnownFileType = sourcecode.c.h; path = ActionItem.h; sourceTree = "<group>"; };
		E42C9797211B329D00712339 /* ActionItem.m */ = {isa = PBXFileReference; lastKnownFileType = sourcecode.c.objc; path = ActionItem.m; sourceTree = "<group>"; };
		E42C979A211B360600712339 /* BaseController.h */ = {isa = PBXFileReference; lastKnownFileType = sourcecode.c.h; path = BaseController.h; sourceTree = "<group>"; };
		E42C979B211B360600712339 /* BaseController.mm */ = {isa = PBXFileReference; lastKnownFileType = sourcecode.cpp.objcpp; path = BaseController.mm; sourceTree = "<group>"; };
		E42C979D211B396300712339 /* MserLocateController.h */ = {isa = PBXFileReference; lastKnownFileType = sourcecode.c.h; path = MserLocateController.h; sourceTree = "<group>"; };
		E42C979E211B396300712339 /* MserLocateController.mm */ = {isa = PBXFileReference; lastKnownFileType = sourcecode.cpp.objcpp; path = MserLocateController.mm; sourceTree = "<group>"; };
		E4619986211C6ABD00499C8D /* EdgeLocateController.h */ = {isa = PBXFileReference; fileEncoding = 4; lastKnownFileType = sourcecode.c.h; path = EdgeLocateController.h; sourceTree = "<group>"; };
		E4619987211C6ABD00499C8D /* EdgeLocateController.mm */ = {isa = PBXFileReference; fileEncoding = 4; lastKnownFileType = sourcecode.cpp.objcpp; path = EdgeLocateController.mm; sourceTree = "<group>"; };
		E461998A211C6AE200499C8D /* 1.jpeg */ = {isa = PBXFileReference; lastKnownFileType = image.jpeg; path = 1.jpeg; sourceTree = "<group>"; };
		E461998B211C6AE200499C8D /* cAA662F.jpg */ = {isa = PBXFileReference; lastKnownFileType = image.jpeg; path = cAA662F.jpg; sourceTree = "<group>"; };
		E461998C211C6AE200499C8D /* car3.jpg */ = {isa = PBXFileReference; lastKnownFileType = image.jpeg; path = car3.jpg; sourceTree = "<group>"; };
		E461998D211C6AE200499C8D /* car4.jpg */ = {isa = PBXFileReference; lastKnownFileType = image.jpeg; path = car4.jpg; sourceTree = "<group>"; };
		E461998E211C6AE200499C8D /* car5.jpg */ = {isa = PBXFileReference; lastKnownFileType = image.jpeg; path = car5.jpg; sourceTree = "<group>"; };
		E461998F211C6AE200499C8D /* lLD9016.jpg */ = {isa = PBXFileReference; lastKnownFileType = image.jpeg; path = lLD9016.jpg; sourceTree = "<group>"; };
		E4619990211C6AE200499C8D /* plate_judge.jpg */ = {isa = PBXFileReference; lastKnownFileType = image.jpeg; path = plate_judge.jpg; sourceTree = "<group>"; };
		E4619991211C6AE200499C8D /* test.jpg */ = {isa = PBXFileReference; lastKnownFileType = image.jpeg; path = test.jpg; sourceTree = "<group>"; };
		E4619992211C6AE200499C8D /* wA87271.jpg */ = {isa = PBXFileReference; lastKnownFileType = image.jpeg; path = wA87271.jpg; sourceTree = "<group>"; };
		E4619993211C6AE200499C8D /* wATH859.jpg */ = {isa = PBXFileReference; lastKnownFileType = image.jpeg; path = wATH859.jpg; sourceTree = "<group>"; };
		E4619994211C6AE200499C8D /* wAUB816.jpg */ = {isa = PBXFileReference; lastKnownFileType = image.jpeg; path = wAUB816.jpg; sourceTree = "<group>"; };
		E46199A0211C702A00499C8D /* CommHandle.cpp */ = {isa = PBXFileReference; lastKnownFileType = sourcecode.cpp.cpp; path = CommHandle.cpp; sourceTree = "<group>"; };
/* End PBXFileReference section */

/* Begin PBXFrameworksBuildPhase section */
		B93FB9E0210EE5FD00DC1E4D /* Frameworks */ = {
			isa = PBXFrameworksBuildPhase;
			buildActionMask = 2147483647;
			files = (
				E42C9790211B2D1A00712339 /* opencv2.framework in Frameworks */,
			);
			runOnlyForDeploymentPostprocessing = 0;
		};
		B93FB9F8210EE5FF00DC1E4D /* Frameworks */ = {
			isa = PBXFrameworksBuildPhase;
			buildActionMask = 2147483647;
			files = (
			);
			runOnlyForDeploymentPostprocessing = 0;
		};
/* End PBXFrameworksBuildPhase section */

/* Begin PBXGroup section */
		B93FB9DA210EE5FD00DC1E4D = {
			isa = PBXGroup;
			children = (
				B93FB9E5210EE5FE00DC1E4D /* EasyPR */,
				B93FB9FE210EE5FF00DC1E4D /* EasyPRTests */,
				B93FB9E4210EE5FE00DC1E4D /* Products */,
			);
			sourceTree = "<group>";
		};
		B93FB9E4210EE5FE00DC1E4D /* Products */ = {
			isa = PBXGroup;
			children = (
				B93FB9E3210EE5FE00DC1E4D /* EasyPR.app */,
				B93FB9FB210EE5FF00DC1E4D /* EasyPRTests.xctest */,
			);
			name = Products;
			sourceTree = "<group>";
		};
		B93FB9E5210EE5FE00DC1E4D /* EasyPR */ = {
			isa = PBXGroup;
			children = (
				E4619989211C6AE200499C8D /* images */,
				E42C9799211B350300712339 /* locate */,
				E42C977D211B2D1900712339 /* Assets.xcassets */,
				E42C9784211B2D1A00712339 /* Base.lproj */,
				E42C977F211B2D1900712339 /* ContourTestController.h */,
				E42C9782211B2D1A00712339 /* ContourTestController.mm */,
				E42C978B211B2D1A00712339 /* LanelineController.h */,
				E42C977E211B2D1900712339 /* LanelineController.m */,
				E42C9781211B2D1A00712339 /* opencv2.framework */,
				E42C9789211B2D1A00712339 /* PlateRecognitionController.h */,
				E42C978A211B2D1A00712339 /* PlateRecognitionController.mm */,
				E42C978C211B2D1A00712339 /* ShowController.h */,
				E42C9783211B2D1A00712339 /* ShowController.m */,
				E42C9780211B2D1A00712339 /* test2.jpeg */,
				B947E6E3211013D1007C8216 /* UIImageCVMatConverter.h */,
				B947E6E2211013D1007C8216 /* UIImageCVMatConverter.mm */,
				B93FB9E6210EE5FE00DC1E4D /* AppDelegate.h */,
				B93FB9E7210EE5FE00DC1E4D /* AppDelegate.m */,
				B93FB9E9210EE5FE00DC1E4D /* ViewController.h */,
				B93FB9EA210EE5FE00DC1E4D /* ViewController.mm */,
				B93FB9EC210EE5FE00DC1E4D /* Main.storyboard */,
				B93FB9EF210EE5FF00DC1E4D /* Assets.xcassets */,
				B93FB9F1210EE5FF00DC1E4D /* LaunchScreen.storyboard */,
				B93FB9F4210EE5FF00DC1E4D /* Info.plist */,
				B93FB9F5210EE5FF00DC1E4D /* main.m */,
				B93FBA0A210EE63700DC1E4D /* log.md */,
				E42C9796211B329D00712339 /* ActionItem.h */,
				E42C9797211B329D00712339 /* ActionItem.m */,
				E42C979A211B360600712339 /* BaseController.h */,
				E42C979B211B360600712339 /* BaseController.mm */,
				E46199A0211C702A00499C8D /* CommHandle.cpp */,
			);
			path = EasyPR;
			sourceTree = "<group>";
		};
		B93FB9FE210EE5FF00DC1E4D /* EasyPRTests */ = {
			isa = PBXGroup;
			children = (
				B93FB9FF210EE5FF00DC1E4D /* EasyPRTests.m */,
				B93FBA01210EE5FF00DC1E4D /* Info.plist */,
			);
			path = EasyPRTests;
			sourceTree = "<group>";
		};
		E42C9784211B2D1A00712339 /* Base.lproj */ = {
			isa = PBXGroup;
			children = (
				E42C9785211B2D1A00712339 /* LaunchScreen.storyboard */,
				E42C9787211B2D1A00712339 /* Main.storyboard */,
			);
			path = Base.lproj;
			sourceTree = "<group>";
		};
		E42C9799211B350300712339 /* locate */ = {
			isa = PBXGroup;
			children = (
				E4619986211C6ABD00499C8D /* EdgeLocateController.h */,
				E4619987211C6ABD00499C8D /* EdgeLocateController.mm */,
				E42C979D211B396300712339 /* MserLocateController.h */,
				E42C979E211B396300712339 /* MserLocateController.mm */,
			);
			path = locate;
			sourceTree = "<group>";
		};
		E4619989211C6AE200499C8D /* images */ = {
			isa = PBXGroup;
			children = (
				E461998A211C6AE200499C8D /* 1.jpeg */,
				E461998B211C6AE200499C8D /* cAA662F.jpg */,
				E461998C211C6AE200499C8D /* car3.jpg */,
				E461998D211C6AE200499C8D /* car4.jpg */,
				E461998E211C6AE200499C8D /* car5.jpg */,
				E461998F211C6AE200499C8D /* lLD9016.jpg */,
				E4619990211C6AE200499C8D /* plate_judge.jpg */,
				E4619991211C6AE200499C8D /* test.jpg */,
				E4619992211C6AE200499C8D /* wA87271.jpg */,
				E4619993211C6AE200499C8D /* wATH859.jpg */,
				E4619994211C6AE200499C8D /* wAUB816.jpg */,
			);
			path = images;
			sourceTree = "<group>";
		};
/* End PBXGroup section */

/* Begin PBXNativeTarget section */
		B93FB9E2210EE5FD00DC1E4D /* EasyPR */ = {
			isa = PBXNativeTarget;
			buildConfigurationList = B93FBA04210EE5FF00DC1E4D /* Build configuration list for PBXNativeTarget "EasyPR" */;
			buildPhases = (
				B93FB9DF210EE5FD00DC1E4D /* Sources */,
				B93FB9E0210EE5FD00DC1E4D /* Frameworks */,
				B93FB9E1210EE5FD00DC1E4D /* Resources */,
			);
			buildRules = (
			);
			dependencies = (
			);
			name = EasyPR;
			productName = EasyPR;
			productReference = B93FB9E3210EE5FE00DC1E4D /* EasyPR.app */;
			productType = "com.apple.product-type.application";
		};
		B93FB9FA210EE5FF00DC1E4D /* EasyPRTests */ = {
			isa = PBXNativeTarget;
			buildConfigurationList = B93FBA07210EE5FF00DC1E4D /* Build configuration list for PBXNativeTarget "EasyPRTests" */;
			buildPhases = (
				B93FB9F7210EE5FF00DC1E4D /* Sources */,
				B93FB9F8210EE5FF00DC1E4D /* Frameworks */,
				B93FB9F9210EE5FF00DC1E4D /* Resources */,
			);
			buildRules = (
			);
			dependencies = (
				B93FB9FD210EE5FF00DC1E4D /* PBXTargetDependency */,
			);
			name = EasyPRTests;
			productName = EasyPRTests;
			productReference = B93FB9FB210EE5FF00DC1E4D /* EasyPRTests.xctest */;
			productType = "com.apple.product-type.bundle.unit-test";
		};
/* End PBXNativeTarget section */

/* Begin PBXProject section */
		B93FB9DB210EE5FD00DC1E4D /* Project object */ = {
			isa = PBXProject;
			attributes = {
				LastUpgradeCheck = 0930;
				ORGANIZATIONNAME = " dingxiuwei";
				TargetAttributes = {
					B93FB9E2210EE5FD00DC1E4D = {
						CreatedOnToolsVersion = 9.3;
					};
					B93FB9FA210EE5FF00DC1E4D = {
						CreatedOnToolsVersion = 9.3;
						TestTargetID = B93FB9E2210EE5FD00DC1E4D;
					};
				};
			};
			buildConfigurationList = B93FB9DE210EE5FD00DC1E4D /* Build configuration list for PBXProject "EasyPR" */;
			compatibilityVersion = "Xcode 9.3";
			developmentRegion = en;
			hasScannedForEncodings = 0;
			knownRegions = (
				en,
				Base,
			);
			mainGroup = B93FB9DA210EE5FD00DC1E4D;
			productRefGroup = B93FB9E4210EE5FE00DC1E4D /* Products */;
			projectDirPath = "";
			projectRoot = "";
			targets = (
				B93FB9E2210EE5FD00DC1E4D /* EasyPR */,
				B93FB9FA210EE5FF00DC1E4D /* EasyPRTests */,
			);
		};
/* End PBXProject section */

/* Begin PBXResourcesBuildPhase section */
		B93FB9E1210EE5FD00DC1E4D /* Resources */ = {
			isa = PBXResourcesBuildPhase;
			buildActionMask = 2147483647;
			files = (
				E4619995211C6AE200499C8D /* 1.jpeg in Resources */,
				E4619999211C6AE200499C8D /* car5.jpg in Resources */,
				E4619997211C6AE200499C8D /* car3.jpg in Resources */,
				E42C9793211B2D1A00712339 /* LaunchScreen.storyboard in Resources */,
				E461999E211C6AE200499C8D /* wATH859.jpg in Resources */,
				E4619998211C6AE200499C8D /* car4.jpg in Resources */,
				E461999F211C6AE200499C8D /* wAUB816.jpg in Resources */,
				E42C9794211B2D1A00712339 /* Main.storyboard in Resources */,
				E461999A211C6AE200499C8D /* lLD9016.jpg in Resources */,
				E42C978F211B2D1A00712339 /* test2.jpeg in Resources */,
				E461999B211C6AE200499C8D /* plate_judge.jpg in Resources */,
				B93FB9F3210EE5FF00DC1E4D /* LaunchScreen.storyboard in Resources */,
				E4619996211C6AE200499C8D /* cAA662F.jpg in Resources */,
				E461999C211C6AE200499C8D /* test.jpg in Resources */,
				B93FB9F0210EE5FF00DC1E4D /* Assets.xcassets in Resources */,
				E461999D211C6AE200499C8D /* wA87271.jpg in Resources */,
				E42C978D211B2D1A00712339 /* Assets.xcassets in Resources */,
				B93FB9EE210EE5FE00DC1E4D /* Main.storyboard in Resources */,
				B93FBA0B210EE63700DC1E4D /* log.md in Resources */,
			);
			runOnlyForDeploymentPostprocessing = 0;
		};
		B93FB9F9210EE5FF00DC1E4D /* Resources */ = {
			isa = PBXResourcesBuildPhase;
			buildActionMask = 2147483647;
			files = (
			);
			runOnlyForDeploymentPostprocessing = 0;
		};
/* End PBXResourcesBuildPhase section */

/* Begin PBXSourcesBuildPhase section */
		B93FB9DF210EE5FD00DC1E4D /* Sources */ = {
			isa = PBXSourcesBuildPhase;
			buildActionMask = 2147483647;
			files = (
				E42C979F211B396300712339 /* MserLocateController.mm in Sources */,
				E42C9795211B2D1A00712339 /* PlateRecognitionController.mm in Sources */,
				B947E6E4211013D1007C8216 /* UIImageCVMatConverter.mm in Sources */,
				B93FB9EB210EE5FE00DC1E4D /* ViewController.mm in Sources */,
				E4619988211C6ABE00499C8D /* EdgeLocateController.mm in Sources */,
				E42C9791211B2D1A00712339 /* ContourTestController.mm in Sources */,
				B93FB9F6210EE5FF00DC1E4D /* main.m in Sources */,
				E42C9798211B329D00712339 /* ActionItem.m in Sources */,
				E46199A1211C702A00499C8D /* CommHandle.cpp in Sources */,
				E42C979C211B360600712339 /* BaseController.mm in Sources */,
				E42C978E211B2D1A00712339 /* LanelineController.m in Sources */,
				B93FB9E8210EE5FE00DC1E4D /* AppDelegate.m in Sources */,
				E42C9792211B2D1A00712339 /* ShowController.m in Sources */,
			);
			runOnlyForDeploymentPostprocessing = 0;
		};
		B93FB9F7210EE5FF00DC1E4D /* Sources */ = {
			isa = PBXSourcesBuildPhase;
			buildActionMask = 2147483647;
			files = (
				B93FBA00210EE5FF00DC1E4D /* EasyPRTests.m in Sources */,
			);
			runOnlyForDeploymentPostprocessing = 0;
		};
/* End PBXSourcesBuildPhase section */

/* Begin PBXTargetDependency section */
		B93FB9FD210EE5FF00DC1E4D /* PBXTargetDependency */ = {
			isa = PBXTargetDependency;
			target = B93FB9E2210EE5FD00DC1E4D /* EasyPR */;
			targetProxy = B93FB9FC210EE5FF00DC1E4D /* PBXContainerItemProxy */;
		};
/* End PBXTargetDependency section */

/* Begin PBXVariantGroup section */
		B93FB9EC210EE5FE00DC1E4D /* Main.storyboard */ = {
			isa = PBXVariantGroup;
			children = (
				B93FB9ED210EE5FE00DC1E4D /* Base */,
			);
			name = Main.storyboard;
			sourceTree = "<group>";
		};
		B93FB9F1210EE5FF00DC1E4D /* LaunchScreen.storyboard */ = {
			isa = PBXVariantGroup;
			children = (
				B93FB9F2210EE5FF00DC1E4D /* Base */,
			);
			name = LaunchScreen.storyboard;
			sourceTree = "<group>";
		};
		E42C9785211B2D1A00712339 /* LaunchScreen.storyboard */ = {
			isa = PBXVariantGroup;
			children = (
				E42C9786211B2D1A00712339 /* Base */,
			);
			name = LaunchScreen.storyboard;
			sourceTree = "<group>";
		};
		E42C9787211B2D1A00712339 /* Main.storyboard */ = {
			isa = PBXVariantGroup;
			children = (
				E42C9788211B2D1A00712339 /* Base */,
			);
			name = Main.storyboard;
			sourceTree = "<group>";
		};
/* End PBXVariantGroup section */

/* Begin XCBuildConfiguration section */
		B93FBA02210EE5FF00DC1E4D /* Debug */ = {
			isa = XCBuildConfiguration;
			buildSettings = {
				ALWAYS_SEARCH_USER_PATHS = NO;
				CLANG_ANALYZER_NONNULL = YES;
				CLANG_ANALYZER_NUMBER_OBJECT_CONVERSION = YES_AGGRESSIVE;
				CLANG_CXX_LANGUAGE_STANDARD = "gnu++14";
				CLANG_CXX_LIBRARY = "libc++";
				CLANG_ENABLE_MODULES = YES;
				CLANG_ENABLE_OBJC_ARC = YES;
				CLANG_ENABLE_OBJC_WEAK = YES;
				CLANG_WARN_BLOCK_CAPTURE_AUTORELEASING = YES;
				CLANG_WARN_BOOL_CONVERSION = YES;
				CLANG_WARN_COMMA = YES;
				CLANG_WARN_CONSTANT_CONVERSION = YES;
				CLANG_WARN_DEPRECATED_OBJC_IMPLEMENTATIONS = YES;
				CLANG_WARN_DIRECT_OBJC_ISA_USAGE = YES_ERROR;
				CLANG_WARN_DOCUMENTATION_COMMENTS = YES;
				CLANG_WARN_EMPTY_BODY = YES;
				CLANG_WARN_ENUM_CONVERSION = YES;
				CLANG_WARN_INFINITE_RECURSION = YES;
				CLANG_WARN_INT_CONVERSION = YES;
				CLANG_WARN_NON_LITERAL_NULL_CONVERSION = YES;
				CLANG_WARN_OBJC_IMPLICIT_RETAIN_SELF = YES;
				CLANG_WARN_OBJC_LITERAL_CONVERSION = YES;
				CLANG_WARN_OBJC_ROOT_CLASS = YES_ERROR;
				CLANG_WARN_RANGE_LOOP_ANALYSIS = YES;
				CLANG_WARN_STRICT_PROTOTYPES = YES;
				CLANG_WARN_SUSPICIOUS_MOVE = YES;
				CLANG_WARN_UNGUARDED_AVAILABILITY = YES_AGGRESSIVE;
				CLANG_WARN_UNREACHABLE_CODE = YES;
				CLANG_WARN__DUPLICATE_METHOD_MATCH = YES;
				CODE_SIGN_IDENTITY = "iPhone Developer";
				COPY_PHASE_STRIP = NO;
				DEBUG_INFORMATION_FORMAT = dwarf;
				ENABLE_STRICT_OBJC_MSGSEND = YES;
				ENABLE_TESTABILITY = YES;
				GCC_C_LANGUAGE_STANDARD = gnu11;
				GCC_DYNAMIC_NO_PIC = NO;
				GCC_NO_COMMON_BLOCKS = YES;
				GCC_OPTIMIZATION_LEVEL = 0;
				GCC_PREPROCESSOR_DEFINITIONS = (
					"DEBUG=1",
					"$(inherited)",
				);
				GCC_WARN_64_TO_32_BIT_CONVERSION = YES;
				GCC_WARN_ABOUT_RETURN_TYPE = YES_ERROR;
				GCC_WARN_UNDECLARED_SELECTOR = YES;
				GCC_WARN_UNINITIALIZED_AUTOS = YES_AGGRESSIVE;
				GCC_WARN_UNUSED_FUNCTION = YES;
				GCC_WARN_UNUSED_VARIABLE = YES;
				IPHONEOS_DEPLOYMENT_TARGET = 11.3;
				MTL_ENABLE_DEBUG_INFO = YES;
				ONLY_ACTIVE_ARCH = YES;
				SDKROOT = iphoneos;
			};
			name = Debug;
		};
		B93FBA03210EE5FF00DC1E4D /* Release */ = {
			isa = XCBuildConfiguration;
			buildSettings = {
				ALWAYS_SEARCH_USER_PATHS = NO;
				CLANG_ANALYZER_NONNULL = YES;
				CLANG_ANALYZER_NUMBER_OBJECT_CONVERSION = YES_AGGRESSIVE;
				CLANG_CXX_LANGUAGE_STANDARD = "gnu++14";
				CLANG_CXX_LIBRARY = "libc++";
				CLANG_ENABLE_MODULES = YES;
				CLANG_ENABLE_OBJC_ARC = YES;
				CLANG_ENABLE_OBJC_WEAK = YES;
				CLANG_WARN_BLOCK_CAPTURE_AUTORELEASING = YES;
				CLANG_WARN_BOOL_CONVERSION = YES;
				CLANG_WARN_COMMA = YES;
				CLANG_WARN_CONSTANT_CONVERSION = YES;
				CLANG_WARN_DEPRECATED_OBJC_IMPLEMENTATIONS = YES;
				CLANG_WARN_DIRECT_OBJC_ISA_USAGE = YES_ERROR;
				CLANG_WARN_DOCUMENTATION_COMMENTS = YES;
				CLANG_WARN_EMPTY_BODY = YES;
				CLANG_WARN_ENUM_CONVERSION = YES;
				CLANG_WARN_INFINITE_RECURSION = YES;
				CLANG_WARN_INT_CONVERSION = YES;
				CLANG_WARN_NON_LITERAL_NULL_CONVERSION = YES;
				CLANG_WARN_OBJC_IMPLICIT_RETAIN_SELF = YES;
				CLANG_WARN_OBJC_LITERAL_CONVERSION = YES;
				CLANG_WARN_OBJC_ROOT_CLASS = YES_ERROR;
				CLANG_WARN_RANGE_LOOP_ANALYSIS = YES;
				CLANG_WARN_STRICT_PROTOTYPES = YES;
				CLANG_WARN_SUSPICIOUS_MOVE = YES;
				CLANG_WARN_UNGUARDED_AVAILABILITY = YES_AGGRESSIVE;
				CLANG_WARN_UNREACHABLE_CODE = YES;
				CLANG_WARN__DUPLICATE_METHOD_MATCH = YES;
				CODE_SIGN_IDENTITY = "iPhone Developer";
				COPY_PHASE_STRIP = NO;
				DEBUG_INFORMATION_FORMAT = "dwarf-with-dsym";
				ENABLE_NS_ASSERTIONS = NO;
				ENABLE_STRICT_OBJC_MSGSEND = YES;
				GCC_C_LANGUAGE_STANDARD = gnu11;
				GCC_NO_COMMON_BLOCKS = YES;
				GCC_WARN_64_TO_32_BIT_CONVERSION = YES;
				GCC_WARN_ABOUT_RETURN_TYPE = YES_ERROR;
				GCC_WARN_UNDECLARED_SELECTOR = YES;
				GCC_WARN_UNINITIALIZED_AUTOS = YES_AGGRESSIVE;
				GCC_WARN_UNUSED_FUNCTION = YES;
				GCC_WARN_UNUSED_VARIABLE = YES;
				IPHONEOS_DEPLOYMENT_TARGET = 11.3;
				MTL_ENABLE_DEBUG_INFO = NO;
				SDKROOT = iphoneos;
				VALIDATE_PRODUCT = YES;
			};
			name = Release;
		};
		B93FBA05210EE5FF00DC1E4D /* Debug */ = {
			isa = XCBuildConfiguration;
			buildSettings = {
				ASSETCATALOG_COMPILER_APPICON_NAME = AppIcon;
				CODE_SIGN_STYLE = Automatic;
				DEVELOPMENT_TEAM = 6D7J43H33A;
				FRAMEWORK_SEARCH_PATHS = (
					"$(inherited)",
					"$(PROJECT_DIR)/EasyPR",
				);
				INFOPLIST_FILE = EasyPR/Info.plist;
				LD_RUNPATH_SEARCH_PATHS = (
					"$(inherited)",
					"@executable_path/Frameworks",
				);
				PRODUCT_BUNDLE_IDENTIFIER = dxw.test.EasyPR;
				PRODUCT_NAME = "$(TARGET_NAME)";
				TARGETED_DEVICE_FAMILY = "1,2";
			};
			name = Debug;
		};
		B93FBA06210EE5FF00DC1E4D /* Release */ = {
			isa = XCBuildConfiguration;
			buildSettings = {
				ASSETCATALOG_COMPILER_APPICON_NAME = AppIcon;
				CODE_SIGN_STYLE = Automatic;
				DEVELOPMENT_TEAM = 6D7J43H33A;
				FRAMEWORK_SEARCH_PATHS = (
					"$(inherited)",
					"$(PROJECT_DIR)/EasyPR",
				);
				INFOPLIST_FILE = EasyPR/Info.plist;
				LD_RUNPATH_SEARCH_PATHS = (
					"$(inherited)",
					"@executable_path/Frameworks",
				);
				PRODUCT_BUNDLE_IDENTIFIER = dxw.test.EasyPR;
				PRODUCT_NAME = "$(TARGET_NAME)";
				TARGETED_DEVICE_FAMILY = "1,2";
			};
			name = Release;
		};
		B93FBA08210EE5FF00DC1E4D /* Debug */ = {
			isa = XCBuildConfiguration;
			buildSettings = {
				BUNDLE_LOADER = "$(TEST_HOST)";
				CODE_SIGN_STYLE = Automatic;
				DEVELOPMENT_TEAM = 6D7J43H33A;
				FRAMEWORK_SEARCH_PATHS = (
					"$(inherited)",
					"$(PROJECT_DIR)/EasyPR",
				);
				INFOPLIST_FILE = EasyPRTests/Info.plist;
				LD_RUNPATH_SEARCH_PATHS = (
					"$(inherited)",
					"@executable_path/Frameworks",
					"@loader_path/Frameworks",
				);
				PRODUCT_BUNDLE_IDENTIFIER = dxw.test.EasyPRTests;
				PRODUCT_NAME = "$(TARGET_NAME)";
				TARGETED_DEVICE_FAMILY = "1,2";
				TEST_HOST = "$(BUILT_PRODUCTS_DIR)/EasyPR.app/EasyPR";
			};
			name = Debug;
		};
		B93FBA09210EE5FF00DC1E4D /* Release */ = {
			isa = XCBuildConfiguration;
			buildSettings = {
				BUNDLE_LOADER = "$(TEST_HOST)";
				CODE_SIGN_STYLE = Automatic;
				DEVELOPMENT_TEAM = 6D7J43H33A;
				FRAMEWORK_SEARCH_PATHS = (
					"$(inherited)",
					"$(PROJECT_DIR)/EasyPR",
				);
				INFOPLIST_FILE = EasyPRTests/Info.plist;
				LD_RUNPATH_SEARCH_PATHS = (
					"$(inherited)",
					"@executable_path/Frameworks",
					"@loader_path/Frameworks",
				);
				PRODUCT_BUNDLE_IDENTIFIER = dxw.test.EasyPRTests;
				PRODUCT_NAME = "$(TARGET_NAME)";
				TARGETED_DEVICE_FAMILY = "1,2";
				TEST_HOST = "$(BUILT_PRODUCTS_DIR)/EasyPR.app/EasyPR";
			};
			name = Release;
		};
/* End XCBuildConfiguration section */

/* Begin XCConfigurationList section */
		B93FB9DE210EE5FD00DC1E4D /* Build configuration list for PBXProject "EasyPR" */ = {
			isa = XCConfigurationList;
			buildConfigurations = (
				B93FBA02210EE5FF00DC1E4D /* Debug */,
				B93FBA03210EE5FF00DC1E4D /* Release */,
			);
			defaultConfigurationIsVisible = 0;
			defaultConfigurationName = Release;
		};
		B93FBA04210EE5FF00DC1E4D /* Build configuration list for PBXNativeTarget "EasyPR" */ = {
			isa = XCConfigurationList;
			buildConfigurations = (
				B93FBA05210EE5FF00DC1E4D /* Debug */,
				B93FBA06210EE5FF00DC1E4D /* Release */,
			);
			defaultConfigurationIsVisible = 0;
			defaultConfigurationName = Release;
		};
		B93FBA07210EE5FF00DC1E4D /* Build configuration list for PBXNativeTarget "EasyPRTests" */ = {
			isa = XCConfigurationList;
			buildConfigurations = (
				B93FBA08210EE5FF00DC1E4D /* Debug */,
				B93FBA09210EE5FF00DC1E4D /* Release */,
			);
			defaultConfigurationIsVisible = 0;
			defaultConfigurationName = Release;
		};
/* End XCConfigurationList section */
	};
	rootObject = B93FB9DB210EE5FD00DC1E4D /* Project object */;
}
